// !$*UTF8*$!
{
	archiveVersion = 1;
	classes = {
	};
	objectVersion = 56;
	objects = {

/* Begin PBXBuildFile section */
		232074232CC97714008D6540 /* NowPlayingMoviesListView.swift in Sources */ = {isa = PBXBuildFile; fileRef = 232074222CC97714008D6540 /* NowPlayingMoviesListView.swift */; };
		232074252CC97857008D6540 /* ContentView.swift in Sources */ = {isa = PBXBuildFile; fileRef = 232074242CC97857008D6540 /* ContentView.swift */; };
		2345A3772D28858200BE6821 /* SwiftUIIntrospect in Frameworks */ = {isa = PBXBuildFile; productRef = 2345A3762D28858200BE6821 /* SwiftUIIntrospect */; };
		2345A3792D288DED00BE6821 /* Key.swift in Sources */ = {isa = PBXBuildFile; fileRef = 2345A3782D288DED00BE6821 /* Key.swift */; };
		234664AD2CBFEAAA00861E4A /* HomeViewModel.swift in Sources */ = {isa = PBXBuildFile; fileRef = 234664AC2CBFEAAA00861E4A /* HomeViewModel.swift */; };
		234664BF2CBFEC5100861E4A /* APIError.swift in Sources */ = {isa = PBXBuildFile; fileRef = 234664AE2CBFEC5100861E4A /* APIError.swift */; };
		234664C02CBFEC5100861E4A /* Configuration.swift in Sources */ = {isa = PBXBuildFile; fileRef = 234664AF2CBFEC5100861E4A /* Configuration.swift */; };
		234664C12CBFEC5100861E4A /* NetworkTarget + Extension.swift in Sources */ = {isa = PBXBuildFile; fileRef = 234664B12CBFEC5100861E4A /* NetworkTarget + Extension.swift */; };
		234664C22CBFEC5100861E4A /* RequestBuilder.swift in Sources */ = {isa = PBXBuildFile; fileRef = 234664B22CBFEC5100861E4A /* RequestBuilder.swift */; };
		234664C32CBFEC5100861E4A /* NetworkClient.swift in Sources */ = {isa = PBXBuildFile; fileRef = 234664B42CBFEC5100861E4A /* NetworkClient.swift */; };
		234664C42CBFEC5100861E4A /* NetworkClientManager.swift in Sources */ = {isa = PBXBuildFile; fileRef = 234664B52CBFEC5100861E4A /* NetworkClientManager.swift */; };
		234664C52CBFEC5100861E4A /* NetworkClientProtocol.swift in Sources */ = {isa = PBXBuildFile; fileRef = 234664B62CBFEC5100861E4A /* NetworkClientProtocol.swift */; };
		234664C62CBFEC5100861E4A /* NetworkTaget + Default.swift in Sources */ = {isa = PBXBuildFile; fileRef = 234664B82CBFEC5100861E4A /* NetworkTaget + Default.swift */; };
		234664C72CBFEC5100861E4A /* NetworkTarget.swift in Sources */ = {isa = PBXBuildFile; fileRef = 234664B92CBFEC5100861E4A /* NetworkTarget.swift */; };
		234664C82CBFEC5100861E4A /* Encoding + Dictionary.swift in Sources */ = {isa = PBXBuildFile; fileRef = 234664BB2CBFEC5100861E4A /* Encoding + Dictionary.swift */; };
		234664C92CBFEC5100861E4A /* Encoding.swift in Sources */ = {isa = PBXBuildFile; fileRef = 234664BC2CBFEC5100861E4A /* Encoding.swift */; };
		234664CA2CBFEC5100861E4A /* HTTPMethod.swift in Sources */ = {isa = PBXBuildFile; fileRef = 234664BD2CBFEC5100861E4A /* HTTPMethod.swift */; };
		234664CF2CBFEEB700861E4A /* CoreDataStack.swift in Sources */ = {isa = PBXBuildFile; fileRef = 234664CB2CBFEEB700861E4A /* CoreDataStack.swift */; };
		234664D12CBFEEB700861E4A /* CoreDataHelpers.swift in Sources */ = {isa = PBXBuildFile; fileRef = 234664CE2CBFEEB700861E4A /* CoreDataHelpers.swift */; };
		234664D42CBFEEE800861E4A /* db_model.xcdatamodeld in Sources */ = {isa = PBXBuildFile; fileRef = 234664D22CBFEEE800861E4A /* db_model.xcdatamodeld */; };
		234664DD2CBFEEF600861E4A /* Redacted.swift in Sources */ = {isa = PBXBuildFile; fileRef = 234664D52CBFEEF600861E4A /* Redacted.swift */; };
		234664DF2CBFEEF600861E4A /* Shimmer.swift in Sources */ = {isa = PBXBuildFile; fileRef = 234664D72CBFEEF600861E4A /* Shimmer.swift */; };
		234664E02CBFEEF600861E4A /* Double + Extension.swift in Sources */ = {isa = PBXBuildFile; fileRef = 234664D92CBFEEF600861E4A /* Double + Extension.swift */; };
		234664E12CBFEEF600861E4A /* HTTPURLResponse + Extension.swift in Sources */ = {isa = PBXBuildFile; fileRef = 234664DA2CBFEEF600861E4A /* HTTPURLResponse + Extension.swift */; };
		234664E22CBFEEF600861E4A /* URL + Extension.swift in Sources */ = {isa = PBXBuildFile; fileRef = 234664DB2CBFEEF600861E4A /* URL + Extension.swift */; };
		234664E42CBFF03600861E4A /* Constants.swift in Sources */ = {isa = PBXBuildFile; fileRef = 234664E32CBFF03600861E4A /* Constants.swift */; };
		234664ED2CBFF49300861E4A /* NowPlayingMoviesList.swift in Sources */ = {isa = PBXBuildFile; fileRef = 234664EC2CBFF49300861E4A /* NowPlayingMoviesList.swift */; };
		234664EF2CBFF4B400861E4A /* NowPlayingMovies.swift in Sources */ = {isa = PBXBuildFile; fileRef = 234664EE2CBFF4B400861E4A /* NowPlayingMovies.swift */; };
		234664F02CC011F900861E4A /* db_model.xcdatamodeld in Sources */ = {isa = PBXBuildFile; fileRef = 234664D22CBFEEE800861E4A /* db_model.xcdatamodeld */; };
		234664F32CC0123800861E4A /* NowPlayingMoviesEntity+CoreDataClass.swift in Sources */ = {isa = PBXBuildFile; fileRef = 234664F12CC0123800861E4A /* NowPlayingMoviesEntity+CoreDataClass.swift */; };
		234664F42CC0123800861E4A /* NowPlayingMoviesEntity+CoreDataProperties.swift in Sources */ = {isa = PBXBuildFile; fileRef = 234664F22CC0123800861E4A /* NowPlayingMoviesEntity+CoreDataProperties.swift */; };
		234664F62CC0131200861E4A /* NowPlayingMoviesService.swift in Sources */ = {isa = PBXBuildFile; fileRef = 234664F52CC0131200861E4A /* NowPlayingMoviesService.swift */; };
		234664F82CC01EC400861E4A /* NowPlayingMoviesDao.swift in Sources */ = {isa = PBXBuildFile; fileRef = 234664F72CC01EC400861E4A /* NowPlayingMoviesDao.swift */; };
		234664FA2CC01EF800861E4A /* MovieRepository.swift in Sources */ = {isa = PBXBuildFile; fileRef = 234664F92CC01EF800861E4A /* MovieRepository.swift */; };
		234664FC2CC02E7200861E4A /* FetchNowPlayingMoviesUsecase.swift in Sources */ = {isa = PBXBuildFile; fileRef = 234664FB2CC02E7200861E4A /* FetchNowPlayingMoviesUsecase.swift */; };
		234664FE2CC02E9C00861E4A /* GetNowPlayingMoviesUsecase.swift in Sources */ = {isa = PBXBuildFile; fileRef = 234664FD2CC02E9C00861E4A /* GetNowPlayingMoviesUsecase.swift */; };
		234665002CC02F4200861E4A /* RepositoryProvider.swift in Sources */ = {isa = PBXBuildFile; fileRef = 234664FF2CC02F4200861E4A /* RepositoryProvider.swift */; };
		234665022CC02F4C00861E4A /* ViewModelProvider.swift in Sources */ = {isa = PBXBuildFile; fileRef = 234665012CC02F4C00861E4A /* ViewModelProvider.swift */; };
		234665042CC02F5200861E4A /* DatabaseProvider.swift in Sources */ = {isa = PBXBuildFile; fileRef = 234665032CC02F5200861E4A /* DatabaseProvider.swift */; };
		234665062CC02F5700861E4A /* ServiceProvider.swift in Sources */ = {isa = PBXBuildFile; fileRef = 234665052CC02F5700861E4A /* ServiceProvider.swift */; };
		234665082CC02F5C00861E4A /* UsecaseProvider.swift in Sources */ = {isa = PBXBuildFile; fileRef = 234665072CC02F5C00861E4A /* UsecaseProvider.swift */; };
		23913FC02D1F44480088821F /* FavouriteMoviesView.swift in Sources */ = {isa = PBXBuildFile; fileRef = 23913FBF2D1F44450088821F /* FavouriteMoviesView.swift */; };
		23913FC62D1F47550088821F /* MovieDetailView.swift in Sources */ = {isa = PBXBuildFile; fileRef = 23913FC52D1F47550088821F /* MovieDetailView.swift */; };
		23913FC82D1F5C8B0088821F /* FetchMovieDetailUsecase.swift in Sources */ = {isa = PBXBuildFile; fileRef = 23913FC72D1F5C810088821F /* FetchMovieDetailUsecase.swift */; };
		23913FCA2D1F5C940088821F /* GetMovieDetailUsecase.swift in Sources */ = {isa = PBXBuildFile; fileRef = 23913FC92D1F5C900088821F /* GetMovieDetailUsecase.swift */; };
		23913FCD2D1FE5830088821F /* MovieDetailDao.swift in Sources */ = {isa = PBXBuildFile; fileRef = 23913FCC2D1FE5830088821F /* MovieDetailDao.swift */; };
		23913FCF2D1FE5920088821F /* MovieDetailService.swift in Sources */ = {isa = PBXBuildFile; fileRef = 23913FCE2D1FE5890088821F /* MovieDetailService.swift */; };
		23913FD12D1FEC6C0088821F /* MovieDetail.swift in Sources */ = {isa = PBXBuildFile; fileRef = 23913FD02D1FEC610088821F /* MovieDetail.swift */; };
		23913FD32D1FF1D70088821F /* ProductionCompany.swift in Sources */ = {isa = PBXBuildFile; fileRef = 23913FD22D1FF1C90088821F /* ProductionCompany.swift */; };
		23913FD52D1FF1E10088821F /* ProductionCountry.swift in Sources */ = {isa = PBXBuildFile; fileRef = 23913FD42D1FF1DD0088821F /* ProductionCountry.swift */; };
		23913FD72D1FF1E70088821F /* SpokenLanguage.swift in Sources */ = {isa = PBXBuildFile; fileRef = 23913FD62D1FF1E50088821F /* SpokenLanguage.swift */; };
		23913FDE2D1FF62D0088821F /* AuthorDetails.swift in Sources */ = {isa = PBXBuildFile; fileRef = 23913FDD2D1FF62A0088821F /* AuthorDetails.swift */; };
		23913FE02D1FF6340088821F /* AuthorReview.swift in Sources */ = {isa = PBXBuildFile; fileRef = 23913FDF2D1FF6320088821F /* AuthorReview.swift */; };
		23913FE22D1FF63E0088821F /* AuthorReviewList.swift in Sources */ = {isa = PBXBuildFile; fileRef = 23913FE12D1FF6390088821F /* AuthorReviewList.swift */; };
		23913FE42D1FFE2B0088821F /* GenreList.swift in Sources */ = {isa = PBXBuildFile; fileRef = 23913FE32D1FFE250088821F /* GenreList.swift */; };
		23913FE62D1FFE2F0088821F /* Genre.swift in Sources */ = {isa = PBXBuildFile; fileRef = 23913FE52D1FFE2E0088821F /* Genre.swift */; };
		23913FE82D1FFFF40088821F /* Cast.swift in Sources */ = {isa = PBXBuildFile; fileRef = 23913FE72D1FFFEF0088821F /* Cast.swift */; };
		23913FEA2D2004B20088821F /* Crew.swift in Sources */ = {isa = PBXBuildFile; fileRef = 23913FE92D2004AF0088821F /* Crew.swift */; };
		23913FEC2D2004C00088821F /* MovieCreditList.swift in Sources */ = {isa = PBXBuildFile; fileRef = 23913FEB2D2004BB0088821F /* MovieCreditList.swift */; };
		23913FEE2D200B710088821F /* Photo.swift in Sources */ = {isa = PBXBuildFile; fileRef = 23913FED2D200B6F0088821F /* Photo.swift */; };
		23913FF02D200B790088821F /* MoviePhotoList.swift in Sources */ = {isa = PBXBuildFile; fileRef = 23913FEF2D200B740088821F /* MoviePhotoList.swift */; };
		23913FF22D200BED0088821F /* RecommendedMovies.swift in Sources */ = {isa = PBXBuildFile; fileRef = 23913FF12D200BEA0088821F /* RecommendedMovies.swift */; };
		23913FF42D200BF80088821F /* RecommendedMoviesList.swift in Sources */ = {isa = PBXBuildFile; fileRef = 23913FF32D200BF50088821F /* RecommendedMoviesList.swift */; };
		23913FF62D202D920088821F /* FetchMovieCreditsUsecase.swift in Sources */ = {isa = PBXBuildFile; fileRef = 23913FF52D202D890088821F /* FetchMovieCreditsUsecase.swift */; };
		23913FF82D202DA60088821F /* GetMovieCastsUsecase.swift in Sources */ = {isa = PBXBuildFile; fileRef = 23913FF72D202D990088821F /* GetMovieCastsUsecase.swift */; };
		23913FFA2D202DC20088821F /* FetchMoviePhotosUsecase.swift in Sources */ = {isa = PBXBuildFile; fileRef = 23913FF92D202DB90088821F /* FetchMoviePhotosUsecase.swift */; };
		23913FFC2D202DDC0088821F /* GetMoviePhotosUsecase.swift in Sources */ = {isa = PBXBuildFile; fileRef = 23913FFB2D202DD80088821F /* GetMoviePhotosUsecase.swift */; };
		23913FFE2D202DF70088821F /* FetchRecommendedMoviesUsecase.swift in Sources */ = {isa = PBXBuildFile; fileRef = 23913FFD2D202DF20088821F /* FetchRecommendedMoviesUsecase.swift */; };
		239140002D202E010088821F /* GetRecommendedMoviesUsecase.swift in Sources */ = {isa = PBXBuildFile; fileRef = 23913FFF2D202DFC0088821F /* GetRecommendedMoviesUsecase.swift */; };
		239140022D202E100088821F /* FetchAuthorReviewsUsecase.swift in Sources */ = {isa = PBXBuildFile; fileRef = 239140012D202E070088821F /* FetchAuthorReviewsUsecase.swift */; };
		239140042D202E190088821F /* GetAuthorReviewsUsecase.swift in Sources */ = {isa = PBXBuildFile; fileRef = 239140032D202E140088821F /* GetAuthorReviewsUsecase.swift */; };
		239140062D202E340088821F /* AddOrRemoveFavouriteMovieUsecase.swift in Sources */ = {isa = PBXBuildFile; fileRef = 239140052D202E2D0088821F /* AddOrRemoveFavouriteMovieUsecase.swift */; };
		239140082D202E600088821F /* GetIsFavouriteMovieUsecase.swift in Sources */ = {isa = PBXBuildFile; fileRef = 239140072D202E510088821F /* GetIsFavouriteMovieUsecase.swift */; };
		2391400C2D2030CB0088821F /* FavouriteMovieRepository.swift in Sources */ = {isa = PBXBuildFile; fileRef = 2391400B2D2030B90088821F /* FavouriteMovieRepository.swift */; };
		2391400E2D2048960088821F /* MovieDetailViewModel.swift in Sources */ = {isa = PBXBuildFile; fileRef = 2391400D2D2048910088821F /* MovieDetailViewModel.swift */; };
		239140132D20664A0088821F /* MovieDetailRequest.swift in Sources */ = {isa = PBXBuildFile; fileRef = 239140122D2066470088821F /* MovieDetailRequest.swift */; };
		239140152D20665F0088821F /* MovieCreditsRequest.swift in Sources */ = {isa = PBXBuildFile; fileRef = 239140142D20665C0088821F /* MovieCreditsRequest.swift */; };
		239140172D20668B0088821F /* MoviePhotosRequest.swift in Sources */ = {isa = PBXBuildFile; fileRef = 239140162D2066860088821F /* MoviePhotosRequest.swift */; };
		239140192D2066A20088821F /* RecommendedMoviesRequest.swift in Sources */ = {isa = PBXBuildFile; fileRef = 239140182D2066900088821F /* RecommendedMoviesRequest.swift */; };
		2391401B2D2066AB0088821F /* AuthorReviewsRequest.swift in Sources */ = {isa = PBXBuildFile; fileRef = 2391401A2D2066A70088821F /* AuthorReviewsRequest.swift */; };
		239140322D21FE080088821F /* MovieAuthorReviewListEntity+CoreDataClass.swift in Sources */ = {isa = PBXBuildFile; fileRef = 2391401C2D21FE080088821F /* MovieAuthorReviewListEntity+CoreDataClass.swift */; };
		239140332D21FE080088821F /* MovieAuthorReviewListEntity+CoreDataProperties.swift in Sources */ = {isa = PBXBuildFile; fileRef = 2391401D2D21FE080088821F /* MovieAuthorReviewListEntity+CoreDataProperties.swift */; };
		239140342D21FE080088821F /* MovieAuthorReviewsEntity+CoreDataClass.swift in Sources */ = {isa = PBXBuildFile; fileRef = 2391401E2D21FE080088821F /* MovieAuthorReviewsEntity+CoreDataClass.swift */; };
		239140352D21FE080088821F /* MovieAuthorReviewsEntity+CoreDataProperties.swift in Sources */ = {isa = PBXBuildFile; fileRef = 2391401F2D21FE080088821F /* MovieAuthorReviewsEntity+CoreDataProperties.swift */; };
		239140362D21FE080088821F /* MovieCastsEntity+CoreDataClass.swift in Sources */ = {isa = PBXBuildFile; fileRef = 239140202D21FE080088821F /* MovieCastsEntity+CoreDataClass.swift */; };
		239140372D21FE080088821F /* MovieCastsEntity+CoreDataProperties.swift in Sources */ = {isa = PBXBuildFile; fileRef = 239140212D21FE080088821F /* MovieCastsEntity+CoreDataProperties.swift */; };
		239140382D21FE080088821F /* MovieCreditListEntity+CoreDataClass.swift in Sources */ = {isa = PBXBuildFile; fileRef = 239140222D21FE080088821F /* MovieCreditListEntity+CoreDataClass.swift */; };
		239140392D21FE080088821F /* MovieCreditListEntity+CoreDataProperties.swift in Sources */ = {isa = PBXBuildFile; fileRef = 239140232D21FE080088821F /* MovieCreditListEntity+CoreDataProperties.swift */; };
		2391403A2D21FE080088821F /* MovieDetailEntity+CoreDataClass.swift in Sources */ = {isa = PBXBuildFile; fileRef = 239140242D21FE080088821F /* MovieDetailEntity+CoreDataClass.swift */; };
		2391403B2D21FE080088821F /* MovieDetailEntity+CoreDataProperties.swift in Sources */ = {isa = PBXBuildFile; fileRef = 239140252D21FE080088821F /* MovieDetailEntity+CoreDataProperties.swift */; };
		2391403C2D21FE080088821F /* MovieDetailGenresEntity+CoreDataClass.swift in Sources */ = {isa = PBXBuildFile; fileRef = 239140262D21FE080088821F /* MovieDetailGenresEntity+CoreDataClass.swift */; };
		2391403D2D21FE080088821F /* MovieDetailGenresEntity+CoreDataProperties.swift in Sources */ = {isa = PBXBuildFile; fileRef = 239140272D21FE080088821F /* MovieDetailGenresEntity+CoreDataProperties.swift */; };
		2391403E2D21FE080088821F /* MovieDetailProductionCompaniesEntity+CoreDataClass.swift in Sources */ = {isa = PBXBuildFile; fileRef = 239140282D21FE080088821F /* MovieDetailProductionCompaniesEntity+CoreDataClass.swift */; };
		2391403F2D21FE080088821F /* MovieDetailProductionCompaniesEntity+CoreDataProperties.swift in Sources */ = {isa = PBXBuildFile; fileRef = 239140292D21FE080088821F /* MovieDetailProductionCompaniesEntity+CoreDataProperties.swift */; };
		239140402D21FE080088821F /* MovieDetailProductionCountriesEntity+CoreDataClass.swift in Sources */ = {isa = PBXBuildFile; fileRef = 2391402A2D21FE080088821F /* MovieDetailProductionCountriesEntity+CoreDataClass.swift */; };
		239140412D21FE080088821F /* MovieDetailProductionCountriesEntity+CoreDataProperties.swift in Sources */ = {isa = PBXBuildFile; fileRef = 2391402B2D21FE080088821F /* MovieDetailProductionCountriesEntity+CoreDataProperties.swift */; };
		239140442D21FE080088821F /* MoviePhotoListEntity+CoreDataClass.swift in Sources */ = {isa = PBXBuildFile; fileRef = 2391402E2D21FE080088821F /* MoviePhotoListEntity+CoreDataClass.swift */; };
		239140452D21FE080088821F /* MoviePhotoListEntity+CoreDataProperties.swift in Sources */ = {isa = PBXBuildFile; fileRef = 2391402F2D21FE080088821F /* MoviePhotoListEntity+CoreDataProperties.swift */; };
		239140462D21FE080088821F /* MoviePhotosEntity+CoreDataClass.swift in Sources */ = {isa = PBXBuildFile; fileRef = 239140302D21FE080088821F /* MoviePhotosEntity+CoreDataClass.swift */; };
		239140472D21FE080088821F /* MoviePhotosEntity+CoreDataProperties.swift in Sources */ = {isa = PBXBuildFile; fileRef = 239140312D21FE080088821F /* MoviePhotosEntity+CoreDataProperties.swift */; };
		239467A42D229E9500978DA7 /* MovieCastsDao.swift in Sources */ = {isa = PBXBuildFile; fileRef = 239467A32D229E8B00978DA7 /* MovieCastsDao.swift */; };
		239467A72D22ECC800978DA7 /* MoviePhotosDao.swift in Sources */ = {isa = PBXBuildFile; fileRef = 239467A62D22ECC000978DA7 /* MoviePhotosDao.swift */; };
		239467A92D230DAA00978DA7 /* MovieAuthorReviewsDao.swift in Sources */ = {isa = PBXBuildFile; fileRef = 239467A82D230DA500978DA7 /* MovieAuthorReviewsDao.swift */; };
		239468D92D248F3B00978DA7 /* FavouriteMoviesEntity+CoreDataClass.swift in Sources */ = {isa = PBXBuildFile; fileRef = 239468D72D248F3B00978DA7 /* FavouriteMoviesEntity+CoreDataClass.swift */; };
		239468DA2D248F3B00978DA7 /* FavouriteMoviesEntity+CoreDataProperties.swift in Sources */ = {isa = PBXBuildFile; fileRef = 239468D82D248F3B00978DA7 /* FavouriteMoviesEntity+CoreDataProperties.swift */; };
		239468DC2D248F5A00978DA7 /* FavouriteMoviesDao.swift in Sources */ = {isa = PBXBuildFile; fileRef = 239468DB2D248F5600978DA7 /* FavouriteMoviesDao.swift */; };
		239469762D24A48900978DA7 /* GetFavouriteMoviesUsecase.swift in Sources */ = {isa = PBXBuildFile; fileRef = 239469752D24A47800978DA7 /* GetFavouriteMoviesUsecase.swift */; };
		239469782D24A69800978DA7 /* FavouriteMoviesViewModel.swift in Sources */ = {isa = PBXBuildFile; fileRef = 239469772D24A69100978DA7 /* FavouriteMoviesViewModel.swift */; };
		239F95402D292BD7000889E0 /* Colors.xcassets in Resources */ = {isa = PBXBuildFile; fileRef = 239F953F2D292BD7000889E0 /* Colors.xcassets */; };
		239F95432D2971D4000889E0 /* PublishedObject in Frameworks */ = {isa = PBXBuildFile; productRef = 239F95422D2971D4000889E0 /* PublishedObject */; };
		239F95452D297204000889E0 /* StateObject.swift in Sources */ = {isa = PBXBuildFile; fileRef = 239F95442D297201000889E0 /* StateObject.swift */; };
		239F95472D298901000889E0 /* HomeNowPlayingMoviesView.swift in Sources */ = {isa = PBXBuildFile; fileRef = 239F95462D2988F9000889E0 /* HomeNowPlayingMoviesView.swift */; };
		239F95492D298A45000889E0 /* HomeNowPlayingMoviesShimmerView.swift in Sources */ = {isa = PBXBuildFile; fileRef = 239F95482D298A3F000889E0 /* HomeNowPlayingMoviesShimmerView.swift */; };
		239F954B2D298A59000889E0 /* HomeNowPlayingMoviesItemView.swift in Sources */ = {isa = PBXBuildFile; fileRef = 239F954A2D298A53000889E0 /* HomeNowPlayingMoviesItemView.swift */; };
		239F954D2D29936F000889E0 /* FavouriteMoviesShimmerView.swift in Sources */ = {isa = PBXBuildFile; fileRef = 239F954C2D29936B000889E0 /* FavouriteMoviesShimmerView.swift */; };
		239F954F2D299378000889E0 /* FavouriteMoviesItemView.swift in Sources */ = {isa = PBXBuildFile; fileRef = 239F954E2D299374000889E0 /* FavouriteMoviesItemView.swift */; };
		239F95512D299B21000889E0 /* NowPlayingMoviesView.swift in Sources */ = {isa = PBXBuildFile; fileRef = 239F95502D299B19000889E0 /* NowPlayingMoviesView.swift */; };
		239F95532D299C71000889E0 /* NowPlayingMoviesShimmerView.swift in Sources */ = {isa = PBXBuildFile; fileRef = 239F95522D299C6A000889E0 /* NowPlayingMoviesShimmerView.swift */; };
		239F95552D299D69000889E0 /* NowPlayingMoviesItemView.swift in Sources */ = {isa = PBXBuildFile; fileRef = 239F95542D299D65000889E0 /* NowPlayingMoviesItemView.swift */; };
		239F95572D29A709000889E0 /* MovieDetailShimmerView.swift in Sources */ = {isa = PBXBuildFile; fileRef = 239F95562D29A703000889E0 /* MovieDetailShimmerView.swift */; };
		239F95592D29A7F2000889E0 /* MovieDetailContentView.swift in Sources */ = {isa = PBXBuildFile; fileRef = 239F95582D29A7B9000889E0 /* MovieDetailContentView.swift */; };
		239F955B2D29AF60000889E0 /* MovieDetailCastsView.swift in Sources */ = {isa = PBXBuildFile; fileRef = 239F955A2D29AF53000889E0 /* MovieDetailCastsView.swift */; };
		239F955D2D29AFFF000889E0 /* MovieDetailCastsShimmerView.swift in Sources */ = {isa = PBXBuildFile; fileRef = 239F955C2D29AFF5000889E0 /* MovieDetailCastsShimmerView.swift */; };
		239F955F2D29B13E000889E0 /* MovieDetailPhotosView.swift in Sources */ = {isa = PBXBuildFile; fileRef = 239F955E2D29B138000889E0 /* MovieDetailPhotosView.swift */; };
		239F95612D29B14E000889E0 /* MovieDetailPhotosShimmerView.swift in Sources */ = {isa = PBXBuildFile; fileRef = 239F95602D29B143000889E0 /* MovieDetailPhotosShimmerView.swift */; };
		239F95632D29B419000889E0 /* MovieDetailAuthorReviews.swift in Sources */ = {isa = PBXBuildFile; fileRef = 239F95622D29B410000889E0 /* MovieDetailAuthorReviews.swift */; };
		239F95652D29B42C000889E0 /* MovieDetailAuthorReviewsShimmerView.swift in Sources */ = {isa = PBXBuildFile; fileRef = 239F95642D29B41D000889E0 /* MovieDetailAuthorReviewsShimmerView.swift */; };
		23D2BF9D2D27FB7D0060EC0A /* NowPlayingMoviesListViewModel.swift in Sources */ = {isa = PBXBuildFile; fileRef = 23D2BF9C2D27FB710060EC0A /* NowPlayingMoviesListViewModel.swift */; };
		23D2BF9F2D2803220060EC0A /* LoadMoreNowPlayingMoviesUsecase.swift in Sources */ = {isa = PBXBuildFile; fileRef = 23D2BF9E2D2803180060EC0A /* LoadMoreNowPlayingMoviesUsecase.swift */; };
		23F165C62CBFB04E002140DB /* HomeView.swift in Sources */ = {isa = PBXBuildFile; fileRef = 23F165C52CBFB04E002140DB /* HomeView.swift */; };
		23F165C82CBFB051002140DB /* Assets.xcassets in Resources */ = {isa = PBXBuildFile; fileRef = 23F165C72CBFB051002140DB /* Assets.xcassets */; };
		23F165D52CBFB052002140DB /* iosMovieappTests.swift in Sources */ = {isa = PBXBuildFile; fileRef = 23F165D42CBFB052002140DB /* iosMovieappTests.swift */; };
		23F165DF2CBFB052002140DB /* iosMovieappUITests.swift in Sources */ = {isa = PBXBuildFile; fileRef = 23F165DE2CBFB052002140DB /* iosMovieappUITests.swift */; };
		23F165E12CBFB052002140DB /* iosMovieappUITestsLaunchTests.swift in Sources */ = {isa = PBXBuildFile; fileRef = 23F165E02CBFB052002140DB /* iosMovieappUITestsLaunchTests.swift */; };
		23F165EE2CBFE569002140DB /* AppDelegate.swift in Sources */ = {isa = PBXBuildFile; fileRef = 23F165ED2CBFE569002140DB /* AppDelegate.swift */; };
		23F165F02CBFE579002140DB /* SceneDelegate.swift in Sources */ = {isa = PBXBuildFile; fileRef = 23F165EF2CBFE579002140DB /* SceneDelegate.swift */; };
		23F165F42CBFE6D5002140DB /* SDWebImageSwiftUI in Frameworks */ = {isa = PBXBuildFile; productRef = 23F165F32CBFE6D5002140DB /* SDWebImageSwiftUI */; };
		23F29F242CC98477008BB104 /* UINavigationController.swift in Sources */ = {isa = PBXBuildFile; fileRef = 23F29F232CC98477008BB104 /* UINavigationController.swift */; };
/* End PBXBuildFile section */

/* Begin PBXContainerItemProxy section */
		23F165D12CBFB052002140DB /* PBXContainerItemProxy */ = {
			isa = PBXContainerItemProxy;
			containerPortal = 23F165B82CBFB04E002140DB /* Project object */;
			proxyType = 1;
			remoteGlobalIDString = 23F165BF2CBFB04E002140DB;
			remoteInfo = iosMovieapp;
		};
		23F165DB2CBFB052002140DB /* PBXContainerItemProxy */ = {
			isa = PBXContainerItemProxy;
			containerPortal = 23F165B82CBFB04E002140DB /* Project object */;
			proxyType = 1;
			remoteGlobalIDString = 23F165BF2CBFB04E002140DB;
			remoteInfo = iosMovieapp;
		};
/* End PBXContainerItemProxy section */

/* Begin PBXFileReference section */
		232074222CC97714008D6540 /* NowPlayingMoviesListView.swift */ = {isa = PBXFileReference; lastKnownFileType = sourcecode.swift; path = NowPlayingMoviesListView.swift; sourceTree = "<group>"; };
		232074242CC97857008D6540 /* ContentView.swift */ = {isa = PBXFileReference; lastKnownFileType = sourcecode.swift; path = ContentView.swift; sourceTree = "<group>"; };
		2345A3782D288DED00BE6821 /* Key.swift */ = {isa = PBXFileReference; lastKnownFileType = sourcecode.swift; path = Key.swift; sourceTree = "<group>"; };
		234664AC2CBFEAAA00861E4A /* HomeViewModel.swift */ = {isa = PBXFileReference; lastKnownFileType = sourcecode.swift; path = HomeViewModel.swift; sourceTree = "<group>"; };
		234664AE2CBFEC5100861E4A /* APIError.swift */ = {isa = PBXFileReference; fileEncoding = 4; lastKnownFileType = sourcecode.swift; path = APIError.swift; sourceTree = "<group>"; };
		234664AF2CBFEC5100861E4A /* Configuration.swift */ = {isa = PBXFileReference; fileEncoding = 4; lastKnownFileType = sourcecode.swift; path = Configuration.swift; sourceTree = "<group>"; };
		234664B12CBFEC5100861E4A /* NetworkTarget + Extension.swift */ = {isa = PBXFileReference; fileEncoding = 4; lastKnownFileType = sourcecode.swift; path = "NetworkTarget + Extension.swift"; sourceTree = "<group>"; };
		234664B22CBFEC5100861E4A /* RequestBuilder.swift */ = {isa = PBXFileReference; fileEncoding = 4; lastKnownFileType = sourcecode.swift; path = RequestBuilder.swift; sourceTree = "<group>"; };
		234664B42CBFEC5100861E4A /* NetworkClient.swift */ = {isa = PBXFileReference; fileEncoding = 4; lastKnownFileType = sourcecode.swift; path = NetworkClient.swift; sourceTree = "<group>"; };
		234664B52CBFEC5100861E4A /* NetworkClientManager.swift */ = {isa = PBXFileReference; fileEncoding = 4; lastKnownFileType = sourcecode.swift; path = NetworkClientManager.swift; sourceTree = "<group>"; };
		234664B62CBFEC5100861E4A /* NetworkClientProtocol.swift */ = {isa = PBXFileReference; fileEncoding = 4; lastKnownFileType = sourcecode.swift; path = NetworkClientProtocol.swift; sourceTree = "<group>"; };
		234664B82CBFEC5100861E4A /* NetworkTaget + Default.swift */ = {isa = PBXFileReference; fileEncoding = 4; lastKnownFileType = sourcecode.swift; path = "NetworkTaget + Default.swift"; sourceTree = "<group>"; };
		234664B92CBFEC5100861E4A /* NetworkTarget.swift */ = {isa = PBXFileReference; fileEncoding = 4; lastKnownFileType = sourcecode.swift; path = NetworkTarget.swift; sourceTree = "<group>"; };
		234664BB2CBFEC5100861E4A /* Encoding + Dictionary.swift */ = {isa = PBXFileReference; fileEncoding = 4; lastKnownFileType = sourcecode.swift; path = "Encoding + Dictionary.swift"; sourceTree = "<group>"; };
		234664BC2CBFEC5100861E4A /* Encoding.swift */ = {isa = PBXFileReference; fileEncoding = 4; lastKnownFileType = sourcecode.swift; path = Encoding.swift; sourceTree = "<group>"; };
		234664BD2CBFEC5100861E4A /* HTTPMethod.swift */ = {isa = PBXFileReference; fileEncoding = 4; lastKnownFileType = sourcecode.swift; path = HTTPMethod.swift; sourceTree = "<group>"; };
		234664CB2CBFEEB700861E4A /* CoreDataStack.swift */ = {isa = PBXFileReference; fileEncoding = 4; lastKnownFileType = sourcecode.swift; path = CoreDataStack.swift; sourceTree = "<group>"; };
		234664CE2CBFEEB700861E4A /* CoreDataHelpers.swift */ = {isa = PBXFileReference; fileEncoding = 4; lastKnownFileType = sourcecode.swift; path = CoreDataHelpers.swift; sourceTree = "<group>"; };
		234664D32CBFEEE800861E4A /* db_model.xcdatamodel */ = {isa = PBXFileReference; lastKnownFileType = wrapper.xcdatamodel; path = db_model.xcdatamodel; sourceTree = "<group>"; };
		234664D52CBFEEF600861E4A /* Redacted.swift */ = {isa = PBXFileReference; fileEncoding = 4; lastKnownFileType = sourcecode.swift; path = Redacted.swift; sourceTree = "<group>"; };
		234664D72CBFEEF600861E4A /* Shimmer.swift */ = {isa = PBXFileReference; fileEncoding = 4; lastKnownFileType = sourcecode.swift; path = Shimmer.swift; sourceTree = "<group>"; };
		234664D92CBFEEF600861E4A /* Double + Extension.swift */ = {isa = PBXFileReference; fileEncoding = 4; lastKnownFileType = sourcecode.swift; path = "Double + Extension.swift"; sourceTree = "<group>"; };
		234664DA2CBFEEF600861E4A /* HTTPURLResponse + Extension.swift */ = {isa = PBXFileReference; fileEncoding = 4; lastKnownFileType = sourcecode.swift; path = "HTTPURLResponse + Extension.swift"; sourceTree = "<group>"; };
		234664DB2CBFEEF600861E4A /* URL + Extension.swift */ = {isa = PBXFileReference; fileEncoding = 4; lastKnownFileType = sourcecode.swift; path = "URL + Extension.swift"; sourceTree = "<group>"; };
		234664E32CBFF03600861E4A /* Constants.swift */ = {isa = PBXFileReference; fileEncoding = 4; lastKnownFileType = sourcecode.swift; path = Constants.swift; sourceTree = "<group>"; };
		234664EC2CBFF49300861E4A /* NowPlayingMoviesList.swift */ = {isa = PBXFileReference; lastKnownFileType = sourcecode.swift; path = NowPlayingMoviesList.swift; sourceTree = "<group>"; };
		234664EE2CBFF4B400861E4A /* NowPlayingMovies.swift */ = {isa = PBXFileReference; lastKnownFileType = sourcecode.swift; path = NowPlayingMovies.swift; sourceTree = "<group>"; };
		234664F12CC0123800861E4A /* NowPlayingMoviesEntity+CoreDataClass.swift */ = {isa = PBXFileReference; lastKnownFileType = sourcecode.swift; path = "NowPlayingMoviesEntity+CoreDataClass.swift"; sourceTree = "<group>"; };
		234664F22CC0123800861E4A /* NowPlayingMoviesEntity+CoreDataProperties.swift */ = {isa = PBXFileReference; lastKnownFileType = sourcecode.swift; path = "NowPlayingMoviesEntity+CoreDataProperties.swift"; sourceTree = "<group>"; };
		234664F52CC0131200861E4A /* NowPlayingMoviesService.swift */ = {isa = PBXFileReference; lastKnownFileType = sourcecode.swift; path = NowPlayingMoviesService.swift; sourceTree = "<group>"; };
		234664F72CC01EC400861E4A /* NowPlayingMoviesDao.swift */ = {isa = PBXFileReference; lastKnownFileType = sourcecode.swift; path = NowPlayingMoviesDao.swift; sourceTree = "<group>"; };
		234664F92CC01EF800861E4A /* MovieRepository.swift */ = {isa = PBXFileReference; lastKnownFileType = sourcecode.swift; path = MovieRepository.swift; sourceTree = "<group>"; };
		234664FB2CC02E7200861E4A /* FetchNowPlayingMoviesUsecase.swift */ = {isa = PBXFileReference; lastKnownFileType = sourcecode.swift; path = FetchNowPlayingMoviesUsecase.swift; sourceTree = "<group>"; };
		234664FD2CC02E9C00861E4A /* GetNowPlayingMoviesUsecase.swift */ = {isa = PBXFileReference; lastKnownFileType = sourcecode.swift; path = GetNowPlayingMoviesUsecase.swift; sourceTree = "<group>"; };
		234664FF2CC02F4200861E4A /* RepositoryProvider.swift */ = {isa = PBXFileReference; lastKnownFileType = sourcecode.swift; path = RepositoryProvider.swift; sourceTree = "<group>"; };
		234665012CC02F4C00861E4A /* ViewModelProvider.swift */ = {isa = PBXFileReference; lastKnownFileType = sourcecode.swift; path = ViewModelProvider.swift; sourceTree = "<group>"; };
		234665032CC02F5200861E4A /* DatabaseProvider.swift */ = {isa = PBXFileReference; lastKnownFileType = sourcecode.swift; path = DatabaseProvider.swift; sourceTree = "<group>"; };
		234665052CC02F5700861E4A /* ServiceProvider.swift */ = {isa = PBXFileReference; lastKnownFileType = sourcecode.swift; path = ServiceProvider.swift; sourceTree = "<group>"; };
		234665072CC02F5C00861E4A /* UsecaseProvider.swift */ = {isa = PBXFileReference; lastKnownFileType = sourcecode.swift; path = UsecaseProvider.swift; sourceTree = "<group>"; };
		23913FBF2D1F44450088821F /* FavouriteMoviesView.swift */ = {isa = PBXFileReference; lastKnownFileType = sourcecode.swift; path = FavouriteMoviesView.swift; sourceTree = "<group>"; };
		23913FC52D1F47550088821F /* MovieDetailView.swift */ = {isa = PBXFileReference; lastKnownFileType = sourcecode.swift; path = MovieDetailView.swift; sourceTree = "<group>"; };
		23913FC72D1F5C810088821F /* FetchMovieDetailUsecase.swift */ = {isa = PBXFileReference; lastKnownFileType = sourcecode.swift; path = FetchMovieDetailUsecase.swift; sourceTree = "<group>"; };
		23913FC92D1F5C900088821F /* GetMovieDetailUsecase.swift */ = {isa = PBXFileReference; lastKnownFileType = sourcecode.swift; path = GetMovieDetailUsecase.swift; sourceTree = "<group>"; };
		23913FCC2D1FE5830088821F /* MovieDetailDao.swift */ = {isa = PBXFileReference; lastKnownFileType = sourcecode.swift; path = MovieDetailDao.swift; sourceTree = "<group>"; };
		23913FCE2D1FE5890088821F /* MovieDetailService.swift */ = {isa = PBXFileReference; lastKnownFileType = sourcecode.swift; path = MovieDetailService.swift; sourceTree = "<group>"; };
		23913FD02D1FEC610088821F /* MovieDetail.swift */ = {isa = PBXFileReference; lastKnownFileType = sourcecode.swift; path = MovieDetail.swift; sourceTree = "<group>"; };
		23913FD22D1FF1C90088821F /* ProductionCompany.swift */ = {isa = PBXFileReference; lastKnownFileType = sourcecode.swift; path = ProductionCompany.swift; sourceTree = "<group>"; };
		23913FD42D1FF1DD0088821F /* ProductionCountry.swift */ = {isa = PBXFileReference; lastKnownFileType = sourcecode.swift; path = ProductionCountry.swift; sourceTree = "<group>"; };
		23913FD62D1FF1E50088821F /* SpokenLanguage.swift */ = {isa = PBXFileReference; lastKnownFileType = sourcecode.swift; path = SpokenLanguage.swift; sourceTree = "<group>"; };
		23913FDD2D1FF62A0088821F /* AuthorDetails.swift */ = {isa = PBXFileReference; lastKnownFileType = sourcecode.swift; path = AuthorDetails.swift; sourceTree = "<group>"; };
		23913FDF2D1FF6320088821F /* AuthorReview.swift */ = {isa = PBXFileReference; lastKnownFileType = sourcecode.swift; path = AuthorReview.swift; sourceTree = "<group>"; };
		23913FE12D1FF6390088821F /* AuthorReviewList.swift */ = {isa = PBXFileReference; lastKnownFileType = sourcecode.swift; path = AuthorReviewList.swift; sourceTree = "<group>"; };
		23913FE32D1FFE250088821F /* GenreList.swift */ = {isa = PBXFileReference; lastKnownFileType = sourcecode.swift; path = GenreList.swift; sourceTree = "<group>"; };
		23913FE52D1FFE2E0088821F /* Genre.swift */ = {isa = PBXFileReference; lastKnownFileType = sourcecode.swift; path = Genre.swift; sourceTree = "<group>"; };
		23913FE72D1FFFEF0088821F /* Cast.swift */ = {isa = PBXFileReference; lastKnownFileType = sourcecode.swift; path = Cast.swift; sourceTree = "<group>"; };
		23913FE92D2004AF0088821F /* Crew.swift */ = {isa = PBXFileReference; lastKnownFileType = sourcecode.swift; path = Crew.swift; sourceTree = "<group>"; };
		23913FEB2D2004BB0088821F /* MovieCreditList.swift */ = {isa = PBXFileReference; lastKnownFileType = sourcecode.swift; path = MovieCreditList.swift; sourceTree = "<group>"; };
		23913FED2D200B6F0088821F /* Photo.swift */ = {isa = PBXFileReference; lastKnownFileType = sourcecode.swift; path = Photo.swift; sourceTree = "<group>"; };
		23913FEF2D200B740088821F /* MoviePhotoList.swift */ = {isa = PBXFileReference; lastKnownFileType = sourcecode.swift; path = MoviePhotoList.swift; sourceTree = "<group>"; };
		23913FF12D200BEA0088821F /* RecommendedMovies.swift */ = {isa = PBXFileReference; lastKnownFileType = sourcecode.swift; path = RecommendedMovies.swift; sourceTree = "<group>"; };
		23913FF32D200BF50088821F /* RecommendedMoviesList.swift */ = {isa = PBXFileReference; lastKnownFileType = sourcecode.swift; path = RecommendedMoviesList.swift; sourceTree = "<group>"; };
		23913FF52D202D890088821F /* FetchMovieCreditsUsecase.swift */ = {isa = PBXFileReference; lastKnownFileType = sourcecode.swift; path = FetchMovieCreditsUsecase.swift; sourceTree = "<group>"; };
		23913FF72D202D990088821F /* GetMovieCastsUsecase.swift */ = {isa = PBXFileReference; lastKnownFileType = sourcecode.swift; path = GetMovieCastsUsecase.swift; sourceTree = "<group>"; };
		23913FF92D202DB90088821F /* FetchMoviePhotosUsecase.swift */ = {isa = PBXFileReference; lastKnownFileType = sourcecode.swift; path = FetchMoviePhotosUsecase.swift; sourceTree = "<group>"; };
		23913FFB2D202DD80088821F /* GetMoviePhotosUsecase.swift */ = {isa = PBXFileReference; lastKnownFileType = sourcecode.swift; path = GetMoviePhotosUsecase.swift; sourceTree = "<group>"; };
		23913FFD2D202DF20088821F /* FetchRecommendedMoviesUsecase.swift */ = {isa = PBXFileReference; lastKnownFileType = sourcecode.swift; path = FetchRecommendedMoviesUsecase.swift; sourceTree = "<group>"; };
		23913FFF2D202DFC0088821F /* GetRecommendedMoviesUsecase.swift */ = {isa = PBXFileReference; lastKnownFileType = sourcecode.swift; path = GetRecommendedMoviesUsecase.swift; sourceTree = "<group>"; };
		239140012D202E070088821F /* FetchAuthorReviewsUsecase.swift */ = {isa = PBXFileReference; lastKnownFileType = sourcecode.swift; path = FetchAuthorReviewsUsecase.swift; sourceTree = "<group>"; };
		239140032D202E140088821F /* GetAuthorReviewsUsecase.swift */ = {isa = PBXFileReference; lastKnownFileType = sourcecode.swift; path = GetAuthorReviewsUsecase.swift; sourceTree = "<group>"; };
		239140052D202E2D0088821F /* AddOrRemoveFavouriteMovieUsecase.swift */ = {isa = PBXFileReference; lastKnownFileType = sourcecode.swift; path = AddOrRemoveFavouriteMovieUsecase.swift; sourceTree = "<group>"; };
		239140072D202E510088821F /* GetIsFavouriteMovieUsecase.swift */ = {isa = PBXFileReference; lastKnownFileType = sourcecode.swift; path = GetIsFavouriteMovieUsecase.swift; sourceTree = "<group>"; };
		2391400B2D2030B90088821F /* FavouriteMovieRepository.swift */ = {isa = PBXFileReference; lastKnownFileType = sourcecode.swift; path = FavouriteMovieRepository.swift; sourceTree = "<group>"; };
		2391400D2D2048910088821F /* MovieDetailViewModel.swift */ = {isa = PBXFileReference; lastKnownFileType = sourcecode.swift; path = MovieDetailViewModel.swift; sourceTree = "<group>"; };
		239140122D2066470088821F /* MovieDetailRequest.swift */ = {isa = PBXFileReference; lastKnownFileType = sourcecode.swift; path = MovieDetailRequest.swift; sourceTree = "<group>"; };
		239140142D20665C0088821F /* MovieCreditsRequest.swift */ = {isa = PBXFileReference; lastKnownFileType = sourcecode.swift; path = MovieCreditsRequest.swift; sourceTree = "<group>"; };
		239140162D2066860088821F /* MoviePhotosRequest.swift */ = {isa = PBXFileReference; lastKnownFileType = sourcecode.swift; path = MoviePhotosRequest.swift; sourceTree = "<group>"; };
		239140182D2066900088821F /* RecommendedMoviesRequest.swift */ = {isa = PBXFileReference; lastKnownFileType = sourcecode.swift; path = RecommendedMoviesRequest.swift; sourceTree = "<group>"; };
		2391401A2D2066A70088821F /* AuthorReviewsRequest.swift */ = {isa = PBXFileReference; lastKnownFileType = sourcecode.swift; path = AuthorReviewsRequest.swift; sourceTree = "<group>"; };
		2391401C2D21FE080088821F /* MovieAuthorReviewListEntity+CoreDataClass.swift */ = {isa = PBXFileReference; lastKnownFileType = sourcecode.swift; name = "MovieAuthorReviewListEntity+CoreDataClass.swift"; path = "../../../MovieAuthorReviewListEntity+CoreDataClass.swift"; sourceTree = "<group>"; };
		2391401D2D21FE080088821F /* MovieAuthorReviewListEntity+CoreDataProperties.swift */ = {isa = PBXFileReference; lastKnownFileType = sourcecode.swift; name = "MovieAuthorReviewListEntity+CoreDataProperties.swift"; path = "../../../MovieAuthorReviewListEntity+CoreDataProperties.swift"; sourceTree = "<group>"; };
		2391401E2D21FE080088821F /* MovieAuthorReviewsEntity+CoreDataClass.swift */ = {isa = PBXFileReference; lastKnownFileType = sourcecode.swift; name = "MovieAuthorReviewsEntity+CoreDataClass.swift"; path = "../../../MovieAuthorReviewsEntity+CoreDataClass.swift"; sourceTree = "<group>"; };
		2391401F2D21FE080088821F /* MovieAuthorReviewsEntity+CoreDataProperties.swift */ = {isa = PBXFileReference; lastKnownFileType = sourcecode.swift; name = "MovieAuthorReviewsEntity+CoreDataProperties.swift"; path = "../../../MovieAuthorReviewsEntity+CoreDataProperties.swift"; sourceTree = "<group>"; };
		239140202D21FE080088821F /* MovieCastsEntity+CoreDataClass.swift */ = {isa = PBXFileReference; lastKnownFileType = sourcecode.swift; name = "MovieCastsEntity+CoreDataClass.swift"; path = "../../../MovieCastsEntity+CoreDataClass.swift"; sourceTree = "<group>"; };
		239140212D21FE080088821F /* MovieCastsEntity+CoreDataProperties.swift */ = {isa = PBXFileReference; lastKnownFileType = sourcecode.swift; name = "MovieCastsEntity+CoreDataProperties.swift"; path = "../../../MovieCastsEntity+CoreDataProperties.swift"; sourceTree = "<group>"; };
		239140222D21FE080088821F /* MovieCreditListEntity+CoreDataClass.swift */ = {isa = PBXFileReference; lastKnownFileType = sourcecode.swift; name = "MovieCreditListEntity+CoreDataClass.swift"; path = "../../../MovieCreditListEntity+CoreDataClass.swift"; sourceTree = "<group>"; };
		239140232D21FE080088821F /* MovieCreditListEntity+CoreDataProperties.swift */ = {isa = PBXFileReference; lastKnownFileType = sourcecode.swift; name = "MovieCreditListEntity+CoreDataProperties.swift"; path = "../../../MovieCreditListEntity+CoreDataProperties.swift"; sourceTree = "<group>"; };
		239140242D21FE080088821F /* MovieDetailEntity+CoreDataClass.swift */ = {isa = PBXFileReference; lastKnownFileType = sourcecode.swift; name = "MovieDetailEntity+CoreDataClass.swift"; path = "../../../MovieDetailEntity+CoreDataClass.swift"; sourceTree = "<group>"; };
		239140252D21FE080088821F /* MovieDetailEntity+CoreDataProperties.swift */ = {isa = PBXFileReference; lastKnownFileType = sourcecode.swift; name = "MovieDetailEntity+CoreDataProperties.swift"; path = "../../../MovieDetailEntity+CoreDataProperties.swift"; sourceTree = "<group>"; };
		239140262D21FE080088821F /* MovieDetailGenresEntity+CoreDataClass.swift */ = {isa = PBXFileReference; lastKnownFileType = sourcecode.swift; name = "MovieDetailGenresEntity+CoreDataClass.swift"; path = "../../../MovieDetailGenresEntity+CoreDataClass.swift"; sourceTree = "<group>"; };
		239140272D21FE080088821F /* MovieDetailGenresEntity+CoreDataProperties.swift */ = {isa = PBXFileReference; lastKnownFileType = sourcecode.swift; name = "MovieDetailGenresEntity+CoreDataProperties.swift"; path = "../../../MovieDetailGenresEntity+CoreDataProperties.swift"; sourceTree = "<group>"; };
		239140282D21FE080088821F /* MovieDetailProductionCompaniesEntity+CoreDataClass.swift */ = {isa = PBXFileReference; lastKnownFileType = sourcecode.swift; name = "MovieDetailProductionCompaniesEntity+CoreDataClass.swift"; path = "../../../MovieDetailProductionCompaniesEntity+CoreDataClass.swift"; sourceTree = "<group>"; };
		239140292D21FE080088821F /* MovieDetailProductionCompaniesEntity+CoreDataProperties.swift */ = {isa = PBXFileReference; lastKnownFileType = sourcecode.swift; name = "MovieDetailProductionCompaniesEntity+CoreDataProperties.swift"; path = "../../../MovieDetailProductionCompaniesEntity+CoreDataProperties.swift"; sourceTree = "<group>"; };
		2391402A2D21FE080088821F /* MovieDetailProductionCountriesEntity+CoreDataClass.swift */ = {isa = PBXFileReference; lastKnownFileType = sourcecode.swift; name = "MovieDetailProductionCountriesEntity+CoreDataClass.swift"; path = "../../../MovieDetailProductionCountriesEntity+CoreDataClass.swift"; sourceTree = "<group>"; };
		2391402B2D21FE080088821F /* MovieDetailProductionCountriesEntity+CoreDataProperties.swift */ = {isa = PBXFileReference; lastKnownFileType = sourcecode.swift; name = "MovieDetailProductionCountriesEntity+CoreDataProperties.swift"; path = "../../../MovieDetailProductionCountriesEntity+CoreDataProperties.swift"; sourceTree = "<group>"; };
		2391402E2D21FE080088821F /* MoviePhotoListEntity+CoreDataClass.swift */ = {isa = PBXFileReference; lastKnownFileType = sourcecode.swift; name = "MoviePhotoListEntity+CoreDataClass.swift"; path = "../../../MoviePhotoListEntity+CoreDataClass.swift"; sourceTree = "<group>"; };
		2391402F2D21FE080088821F /* MoviePhotoListEntity+CoreDataProperties.swift */ = {isa = PBXFileReference; lastKnownFileType = sourcecode.swift; name = "MoviePhotoListEntity+CoreDataProperties.swift"; path = "../../../MoviePhotoListEntity+CoreDataProperties.swift"; sourceTree = "<group>"; };
		239140302D21FE080088821F /* MoviePhotosEntity+CoreDataClass.swift */ = {isa = PBXFileReference; lastKnownFileType = sourcecode.swift; name = "MoviePhotosEntity+CoreDataClass.swift"; path = "../../../MoviePhotosEntity+CoreDataClass.swift"; sourceTree = "<group>"; };
		239140312D21FE080088821F /* MoviePhotosEntity+CoreDataProperties.swift */ = {isa = PBXFileReference; lastKnownFileType = sourcecode.swift; name = "MoviePhotosEntity+CoreDataProperties.swift"; path = "../../../MoviePhotosEntity+CoreDataProperties.swift"; sourceTree = "<group>"; };
		239467A32D229E8B00978DA7 /* MovieCastsDao.swift */ = {isa = PBXFileReference; lastKnownFileType = sourcecode.swift; path = MovieCastsDao.swift; sourceTree = "<group>"; };
		239467A62D22ECC000978DA7 /* MoviePhotosDao.swift */ = {isa = PBXFileReference; lastKnownFileType = sourcecode.swift; path = MoviePhotosDao.swift; sourceTree = "<group>"; };
		239467A82D230DA500978DA7 /* MovieAuthorReviewsDao.swift */ = {isa = PBXFileReference; lastKnownFileType = sourcecode.swift; path = MovieAuthorReviewsDao.swift; sourceTree = "<group>"; };
		239468D72D248F3B00978DA7 /* FavouriteMoviesEntity+CoreDataClass.swift */ = {isa = PBXFileReference; lastKnownFileType = sourcecode.swift; path = "FavouriteMoviesEntity+CoreDataClass.swift"; sourceTree = "<group>"; };
		239468D82D248F3B00978DA7 /* FavouriteMoviesEntity+CoreDataProperties.swift */ = {isa = PBXFileReference; lastKnownFileType = sourcecode.swift; path = "FavouriteMoviesEntity+CoreDataProperties.swift"; sourceTree = "<group>"; };
		239468DB2D248F5600978DA7 /* FavouriteMoviesDao.swift */ = {isa = PBXFileReference; lastKnownFileType = sourcecode.swift; path = FavouriteMoviesDao.swift; sourceTree = "<group>"; };
		239469752D24A47800978DA7 /* GetFavouriteMoviesUsecase.swift */ = {isa = PBXFileReference; lastKnownFileType = sourcecode.swift; path = GetFavouriteMoviesUsecase.swift; sourceTree = "<group>"; };
		239469772D24A69100978DA7 /* FavouriteMoviesViewModel.swift */ = {isa = PBXFileReference; lastKnownFileType = sourcecode.swift; path = FavouriteMoviesViewModel.swift; sourceTree = "<group>"; };
		239F953F2D292BD7000889E0 /* Colors.xcassets */ = {isa = PBXFileReference; lastKnownFileType = folder.assetcatalog; path = Colors.xcassets; sourceTree = "<group>"; };
		239F95442D297201000889E0 /* StateObject.swift */ = {isa = PBXFileReference; lastKnownFileType = sourcecode.swift; path = StateObject.swift; sourceTree = "<group>"; };
		239F95462D2988F9000889E0 /* HomeNowPlayingMoviesView.swift */ = {isa = PBXFileReference; lastKnownFileType = sourcecode.swift; path = HomeNowPlayingMoviesView.swift; sourceTree = "<group>"; };
		239F95482D298A3F000889E0 /* HomeNowPlayingMoviesShimmerView.swift */ = {isa = PBXFileReference; lastKnownFileType = sourcecode.swift; path = HomeNowPlayingMoviesShimmerView.swift; sourceTree = "<group>"; };
		239F954A2D298A53000889E0 /* HomeNowPlayingMoviesItemView.swift */ = {isa = PBXFileReference; lastKnownFileType = sourcecode.swift; path = HomeNowPlayingMoviesItemView.swift; sourceTree = "<group>"; };
		239F954C2D29936B000889E0 /* FavouriteMoviesShimmerView.swift */ = {isa = PBXFileReference; lastKnownFileType = sourcecode.swift; path = FavouriteMoviesShimmerView.swift; sourceTree = "<group>"; };
		239F954E2D299374000889E0 /* FavouriteMoviesItemView.swift */ = {isa = PBXFileReference; lastKnownFileType = sourcecode.swift; path = FavouriteMoviesItemView.swift; sourceTree = "<group>"; };
		239F95502D299B19000889E0 /* NowPlayingMoviesView.swift */ = {isa = PBXFileReference; lastKnownFileType = sourcecode.swift; path = NowPlayingMoviesView.swift; sourceTree = "<group>"; };
		239F95522D299C6A000889E0 /* NowPlayingMoviesShimmerView.swift */ = {isa = PBXFileReference; lastKnownFileType = sourcecode.swift; path = NowPlayingMoviesShimmerView.swift; sourceTree = "<group>"; };
		239F95542D299D65000889E0 /* NowPlayingMoviesItemView.swift */ = {isa = PBXFileReference; lastKnownFileType = sourcecode.swift; path = NowPlayingMoviesItemView.swift; sourceTree = "<group>"; };
		239F95562D29A703000889E0 /* MovieDetailShimmerView.swift */ = {isa = PBXFileReference; lastKnownFileType = sourcecode.swift; path = MovieDetailShimmerView.swift; sourceTree = "<group>"; };
		239F95582D29A7B9000889E0 /* MovieDetailContentView.swift */ = {isa = PBXFileReference; lastKnownFileType = sourcecode.swift; path = MovieDetailContentView.swift; sourceTree = "<group>"; };
		239F955A2D29AF53000889E0 /* MovieDetailCastsView.swift */ = {isa = PBXFileReference; lastKnownFileType = sourcecode.swift; path = MovieDetailCastsView.swift; sourceTree = "<group>"; };
		239F955C2D29AFF5000889E0 /* MovieDetailCastsShimmerView.swift */ = {isa = PBXFileReference; lastKnownFileType = sourcecode.swift; path = MovieDetailCastsShimmerView.swift; sourceTree = "<group>"; };
		239F955E2D29B138000889E0 /* MovieDetailPhotosView.swift */ = {isa = PBXFileReference; lastKnownFileType = sourcecode.swift; path = MovieDetailPhotosView.swift; sourceTree = "<group>"; };
		239F95602D29B143000889E0 /* MovieDetailPhotosShimmerView.swift */ = {isa = PBXFileReference; lastKnownFileType = sourcecode.swift; path = MovieDetailPhotosShimmerView.swift; sourceTree = "<group>"; };
		239F95622D29B410000889E0 /* MovieDetailAuthorReviews.swift */ = {isa = PBXFileReference; lastKnownFileType = sourcecode.swift; path = MovieDetailAuthorReviews.swift; sourceTree = "<group>"; };
		239F95642D29B41D000889E0 /* MovieDetailAuthorReviewsShimmerView.swift */ = {isa = PBXFileReference; lastKnownFileType = sourcecode.swift; path = MovieDetailAuthorReviewsShimmerView.swift; sourceTree = "<group>"; };
		23D2BF9C2D27FB710060EC0A /* NowPlayingMoviesListViewModel.swift */ = {isa = PBXFileReference; lastKnownFileType = sourcecode.swift; path = NowPlayingMoviesListViewModel.swift; sourceTree = "<group>"; };
		23D2BF9E2D2803180060EC0A /* LoadMoreNowPlayingMoviesUsecase.swift */ = {isa = PBXFileReference; lastKnownFileType = sourcecode.swift; path = LoadMoreNowPlayingMoviesUsecase.swift; sourceTree = "<group>"; };
		23F165C02CBFB04E002140DB /* iosMovieapp.app */ = {isa = PBXFileReference; explicitFileType = wrapper.application; includeInIndex = 0; path = iosMovieapp.app; sourceTree = BUILT_PRODUCTS_DIR; };
		23F165C52CBFB04E002140DB /* HomeView.swift */ = {isa = PBXFileReference; lastKnownFileType = sourcecode.swift; path = HomeView.swift; sourceTree = "<group>"; };
		23F165C72CBFB051002140DB /* Assets.xcassets */ = {isa = PBXFileReference; lastKnownFileType = folder.assetcatalog; path = Assets.xcassets; sourceTree = "<group>"; };
		23F165D02CBFB052002140DB /* iosMovieappTests.xctest */ = {isa = PBXFileReference; explicitFileType = wrapper.cfbundle; includeInIndex = 0; path = iosMovieappTests.xctest; sourceTree = BUILT_PRODUCTS_DIR; };
		23F165D42CBFB052002140DB /* iosMovieappTests.swift */ = {isa = PBXFileReference; lastKnownFileType = sourcecode.swift; path = iosMovieappTests.swift; sourceTree = "<group>"; };
		23F165DA2CBFB052002140DB /* iosMovieappUITests.xctest */ = {isa = PBXFileReference; explicitFileType = wrapper.cfbundle; includeInIndex = 0; path = iosMovieappUITests.xctest; sourceTree = BUILT_PRODUCTS_DIR; };
		23F165DE2CBFB052002140DB /* iosMovieappUITests.swift */ = {isa = PBXFileReference; lastKnownFileType = sourcecode.swift; path = iosMovieappUITests.swift; sourceTree = "<group>"; };
		23F165E02CBFB052002140DB /* iosMovieappUITestsLaunchTests.swift */ = {isa = PBXFileReference; lastKnownFileType = sourcecode.swift; path = iosMovieappUITestsLaunchTests.swift; sourceTree = "<group>"; };
		23F165ED2CBFE569002140DB /* AppDelegate.swift */ = {isa = PBXFileReference; lastKnownFileType = sourcecode.swift; path = AppDelegate.swift; sourceTree = "<group>"; };
		23F165EF2CBFE579002140DB /* SceneDelegate.swift */ = {isa = PBXFileReference; lastKnownFileType = sourcecode.swift; path = SceneDelegate.swift; sourceTree = "<group>"; };
		23F165F12CBFE5F0002140DB /* Info.plist */ = {isa = PBXFileReference; lastKnownFileType = text.plist.xml; path = Info.plist; sourceTree = "<group>"; };
		23F29F232CC98477008BB104 /* UINavigationController.swift */ = {isa = PBXFileReference; lastKnownFileType = sourcecode.swift; path = UINavigationController.swift; sourceTree = "<group>"; };
/* End PBXFileReference section */

/* Begin PBXFrameworksBuildPhase section */
		23F165BD2CBFB04E002140DB /* Frameworks */ = {
			isa = PBXFrameworksBuildPhase;
			buildActionMask = 2147483647;
			files = (
				23F165F42CBFE6D5002140DB /* SDWebImageSwiftUI in Frameworks */,
				239F95432D2971D4000889E0 /* PublishedObject in Frameworks */,
				2345A3772D28858200BE6821 /* SwiftUIIntrospect in Frameworks */,
			);
			runOnlyForDeploymentPostprocessing = 0;
		};
		23F165CD2CBFB052002140DB /* Frameworks */ = {
			isa = PBXFrameworksBuildPhase;
			buildActionMask = 2147483647;
			files = (
			);
			runOnlyForDeploymentPostprocessing = 0;
		};
		23F165D72CBFB052002140DB /* Frameworks */ = {
			isa = PBXFrameworksBuildPhase;
			buildActionMask = 2147483647;
			files = (
			);
			runOnlyForDeploymentPostprocessing = 0;
		};
/* End PBXFrameworksBuildPhase section */

/* Begin PBXGroup section */
		232074262CC97C30008D6540 /* NowPlayingMoviesList */ = {
			isa = PBXGroup;
			children = (
				232074222CC97714008D6540 /* NowPlayingMoviesListView.swift */,
				23D2BF9C2D27FB710060EC0A /* NowPlayingMoviesListViewModel.swift */,
				239F95502D299B19000889E0 /* NowPlayingMoviesView.swift */,
				239F95542D299D65000889E0 /* NowPlayingMoviesItemView.swift */,
				239F95522D299C6A000889E0 /* NowPlayingMoviesShimmerView.swift */,
			);
			path = NowPlayingMoviesList;
			sourceTree = "<group>";
		};
		234664A22CBFE83C00861E4A /* Presentation */ = {
			isa = PBXGroup;
			children = (
				23913FC32D1F47370088821F /* Detail */,
				234664A92CBFEA5D00861E4A /* Home */,
				23913FBE2D1F442D0088821F /* Favourite */,
				232074262CC97C30008D6540 /* NowPlayingMoviesList */,
			);
			path = Presentation;
			sourceTree = "<group>";
		};
		234664A32CBFEA0100861E4A /* Data */ = {
			isa = PBXGroup;
			children = (
				234664E32CBFF03600861E4A /* Constants.swift */,
				2345A3782D288DED00BE6821 /* Key.swift */,
				234664E72CBFF1A300861E4A /* Local */,
				234664E62CBFF1A000861E4A /* Remote */,
				234664E52CBFF19900861E4A /* Repository */,
			);
			path = Data;
			sourceTree = "<group>";
		};
		234664A42CBFEA0800861E4A /* Dependency */ = {
			isa = PBXGroup;
			children = (
				234665012CC02F4C00861E4A /* ViewModelProvider.swift */,
				234665072CC02F5C00861E4A /* UsecaseProvider.swift */,
				234664FF2CC02F4200861E4A /* RepositoryProvider.swift */,
				234665052CC02F5700861E4A /* ServiceProvider.swift */,
				234665032CC02F5200861E4A /* DatabaseProvider.swift */,
			);
			path = Dependency;
			sourceTree = "<group>";
		};
		234664A52CBFEA1900861E4A /* Domain */ = {
			isa = PBXGroup;
			children = (
				234664E82CBFF1B100861E4A /* Model */,
				234664E92CBFF1B500861E4A /* Usecase */,
			);
			path = Domain;
			sourceTree = "<group>";
		};
		234664A62CBFEA1F00861E4A /* Helpers */ = {
			isa = PBXGroup;
			children = (
				234664D82CBFEEF600861E4A /* View */,
				234664DC2CBFEEF600861E4A /* Extension */,
			);
			path = Helpers;
			sourceTree = "<group>";
		};
		234664A72CBFEA2300861E4A /* Networking */ = {
			isa = PBXGroup;
			children = (
				234664B72CBFEC5100861E4A /* Client */,
				234664BA2CBFEC5100861E4A /* Request */,
				234664B32CBFEC5100861E4A /* RequestBuilder */,
				234664BE2CBFEC5100861E4A /* Type */,
				234664B02CBFEC5100861E4A /* Utility */,
			);
			path = Networking;
			sourceTree = "<group>";
		};
		234664A82CBFEA4100861E4A /* Persistence */ = {
			isa = PBXGroup;
			children = (
				234664CE2CBFEEB700861E4A /* CoreDataHelpers.swift */,
				234664CB2CBFEEB700861E4A /* CoreDataStack.swift */,
				234664D22CBFEEE800861E4A /* db_model.xcdatamodeld */,
			);
			path = Persistence;
			sourceTree = "<group>";
		};
		234664A92CBFEA5D00861E4A /* Home */ = {
			isa = PBXGroup;
			children = (
				23F165C52CBFB04E002140DB /* HomeView.swift */,
				234664AC2CBFEAAA00861E4A /* HomeViewModel.swift */,
				239F95462D2988F9000889E0 /* HomeNowPlayingMoviesView.swift */,
				239F95482D298A3F000889E0 /* HomeNowPlayingMoviesShimmerView.swift */,
				239F954A2D298A53000889E0 /* HomeNowPlayingMoviesItemView.swift */,
			);
			path = Home;
			sourceTree = "<group>";
		};
		234664B02CBFEC5100861E4A /* Utility */ = {
			isa = PBXGroup;
			children = (
				234664AE2CBFEC5100861E4A /* APIError.swift */,
				234664AF2CBFEC5100861E4A /* Configuration.swift */,
			);
			path = Utility;
			sourceTree = "<group>";
		};
		234664B32CBFEC5100861E4A /* RequestBuilder */ = {
			isa = PBXGroup;
			children = (
				234664B12CBFEC5100861E4A /* NetworkTarget + Extension.swift */,
				234664B22CBFEC5100861E4A /* RequestBuilder.swift */,
			);
			path = RequestBuilder;
			sourceTree = "<group>";
		};
		234664B72CBFEC5100861E4A /* Client */ = {
			isa = PBXGroup;
			children = (
				234664B42CBFEC5100861E4A /* NetworkClient.swift */,
				234664B52CBFEC5100861E4A /* NetworkClientManager.swift */,
				234664B62CBFEC5100861E4A /* NetworkClientProtocol.swift */,
			);
			path = Client;
			sourceTree = "<group>";
		};
		234664BA2CBFEC5100861E4A /* Request */ = {
			isa = PBXGroup;
			children = (
				234664B82CBFEC5100861E4A /* NetworkTaget + Default.swift */,
				234664B92CBFEC5100861E4A /* NetworkTarget.swift */,
			);
			path = Request;
			sourceTree = "<group>";
		};
		234664BE2CBFEC5100861E4A /* Type */ = {
			isa = PBXGroup;
			children = (
				234664BB2CBFEC5100861E4A /* Encoding + Dictionary.swift */,
				234664BC2CBFEC5100861E4A /* Encoding.swift */,
				234664BD2CBFEC5100861E4A /* HTTPMethod.swift */,
			);
			path = Type;
			sourceTree = "<group>";
		};
		234664D82CBFEEF600861E4A /* View */ = {
			isa = PBXGroup;
			children = (
				239F95442D297201000889E0 /* StateObject.swift */,
				234664D52CBFEEF600861E4A /* Redacted.swift */,
				234664D72CBFEEF600861E4A /* Shimmer.swift */,
			);
			path = View;
			sourceTree = "<group>";
		};
		234664DC2CBFEEF600861E4A /* Extension */ = {
			isa = PBXGroup;
			children = (
				234664D92CBFEEF600861E4A /* Double + Extension.swift */,
				234664DA2CBFEEF600861E4A /* HTTPURLResponse + Extension.swift */,
				234664DB2CBFEEF600861E4A /* URL + Extension.swift */,
				23F29F232CC98477008BB104 /* UINavigationController.swift */,
			);
			path = Extension;
			sourceTree = "<group>";
		};
		234664E52CBFF19900861E4A /* Repository */ = {
			isa = PBXGroup;
			children = (
				234664F92CC01EF800861E4A /* MovieRepository.swift */,
				2391400B2D2030B90088821F /* FavouriteMovieRepository.swift */,
			);
			path = Repository;
			sourceTree = "<group>";
		};
		234664E62CBFF1A000861E4A /* Remote */ = {
			isa = PBXGroup;
			children = (
				234664F52CC0131200861E4A /* NowPlayingMoviesService.swift */,
				23913FCE2D1FE5890088821F /* MovieDetailService.swift */,
				239140112D2066340088821F /* Request */,
			);
			path = Remote;
			sourceTree = "<group>";
		};
		234664E72CBFF1A300861E4A /* Local */ = {
			isa = PBXGroup;
			children = (
				234664F72CC01EC400861E4A /* NowPlayingMoviesDao.swift */,
				23913FCC2D1FE5830088821F /* MovieDetailDao.swift */,
				239467A32D229E8B00978DA7 /* MovieCastsDao.swift */,
				239467A62D22ECC000978DA7 /* MoviePhotosDao.swift */,
				239467A82D230DA500978DA7 /* MovieAuthorReviewsDao.swift */,
				239468DB2D248F5600978DA7 /* FavouriteMoviesDao.swift */,
			);
			path = Local;
			sourceTree = "<group>";
		};
		234664E82CBFF1B100861E4A /* Model */ = {
			isa = PBXGroup;
			children = (
				23913FD82D1FF2700088821F /* AuthorReview */,
				23913FD92D1FF2770088821F /* Genre */,
				23913FDA2D1FF2830088821F /* MovieCredits */,
				23913FCB2D1FE5490088821F /* MovieDetail */,
				23913FDB2D1FF29D0088821F /* MoviePhoto */,
				23913FDC2D1FF2AA0088821F /* RecommendedMovies */,
				234664EA2CBFF1C400861E4A /* NowPlaying */,
				239468D62D248EDB00978DA7 /* FavouriteMovie */,
			);
			path = Model;
			sourceTree = "<group>";
		};
		234664E92CBFF1B500861E4A /* Usecase */ = {
			isa = PBXGroup;
			children = (
				234664FB2CC02E7200861E4A /* FetchNowPlayingMoviesUsecase.swift */,
				23D2BF9E2D2803180060EC0A /* LoadMoreNowPlayingMoviesUsecase.swift */,
				234664FD2CC02E9C00861E4A /* GetNowPlayingMoviesUsecase.swift */,
				23913FC72D1F5C810088821F /* FetchMovieDetailUsecase.swift */,
				23913FC92D1F5C900088821F /* GetMovieDetailUsecase.swift */,
				23913FF52D202D890088821F /* FetchMovieCreditsUsecase.swift */,
				23913FF72D202D990088821F /* GetMovieCastsUsecase.swift */,
				23913FF92D202DB90088821F /* FetchMoviePhotosUsecase.swift */,
				23913FFB2D202DD80088821F /* GetMoviePhotosUsecase.swift */,
				23913FFD2D202DF20088821F /* FetchRecommendedMoviesUsecase.swift */,
				23913FFF2D202DFC0088821F /* GetRecommendedMoviesUsecase.swift */,
				239140012D202E070088821F /* FetchAuthorReviewsUsecase.swift */,
				239140032D202E140088821F /* GetAuthorReviewsUsecase.swift */,
				239140052D202E2D0088821F /* AddOrRemoveFavouriteMovieUsecase.swift */,
				239140072D202E510088821F /* GetIsFavouriteMovieUsecase.swift */,
				239469752D24A47800978DA7 /* GetFavouriteMoviesUsecase.swift */,
			);
			path = Usecase;
			sourceTree = "<group>";
		};
		234664EA2CBFF1C400861E4A /* NowPlaying */ = {
			isa = PBXGroup;
			children = (
				234664EC2CBFF49300861E4A /* NowPlayingMoviesList.swift */,
				234664EE2CBFF4B400861E4A /* NowPlayingMovies.swift */,
				234664F12CC0123800861E4A /* NowPlayingMoviesEntity+CoreDataClass.swift */,
				234664F22CC0123800861E4A /* NowPlayingMoviesEntity+CoreDataProperties.swift */,
			);
			path = NowPlaying;
			sourceTree = "<group>";
		};
		23913FBE2D1F442D0088821F /* Favourite */ = {
			isa = PBXGroup;
			children = (
				23913FBF2D1F44450088821F /* FavouriteMoviesView.swift */,
				239469772D24A69100978DA7 /* FavouriteMoviesViewModel.swift */,
				239F954E2D299374000889E0 /* FavouriteMoviesItemView.swift */,
				239F954C2D29936B000889E0 /* FavouriteMoviesShimmerView.swift */,
			);
			path = Favourite;
			sourceTree = "<group>";
		};
		23913FC32D1F47370088821F /* Detail */ = {
			isa = PBXGroup;
			children = (
				23913FC52D1F47550088821F /* MovieDetailView.swift */,
				2391400D2D2048910088821F /* MovieDetailViewModel.swift */,
				239F95562D29A703000889E0 /* MovieDetailShimmerView.swift */,
				239F95582D29A7B9000889E0 /* MovieDetailContentView.swift */,
				239F955A2D29AF53000889E0 /* MovieDetailCastsView.swift */,
				239F955C2D29AFF5000889E0 /* MovieDetailCastsShimmerView.swift */,
				239F95602D29B143000889E0 /* MovieDetailPhotosShimmerView.swift */,
				239F955E2D29B138000889E0 /* MovieDetailPhotosView.swift */,
				239F95642D29B41D000889E0 /* MovieDetailAuthorReviewsShimmerView.swift */,
				239F95622D29B410000889E0 /* MovieDetailAuthorReviews.swift */,
			);
			path = Detail;
			sourceTree = "<group>";
		};
		23913FCB2D1FE5490088821F /* MovieDetail */ = {
			isa = PBXGroup;
			children = (
				23913FD02D1FEC610088821F /* MovieDetail.swift */,
				23913FD22D1FF1C90088821F /* ProductionCompany.swift */,
				23913FD42D1FF1DD0088821F /* ProductionCountry.swift */,
				23913FD62D1FF1E50088821F /* SpokenLanguage.swift */,
				239140242D21FE080088821F /* MovieDetailEntity+CoreDataClass.swift */,
				239140252D21FE080088821F /* MovieDetailEntity+CoreDataProperties.swift */,
				239140282D21FE080088821F /* MovieDetailProductionCompaniesEntity+CoreDataClass.swift */,
				239140292D21FE080088821F /* MovieDetailProductionCompaniesEntity+CoreDataProperties.swift */,
				2391402A2D21FE080088821F /* MovieDetailProductionCountriesEntity+CoreDataClass.swift */,
				2391402B2D21FE080088821F /* MovieDetailProductionCountriesEntity+CoreDataProperties.swift */,
			);
			path = MovieDetail;
			sourceTree = "<group>";
		};
		23913FD82D1FF2700088821F /* AuthorReview */ = {
			isa = PBXGroup;
			children = (
				23913FDD2D1FF62A0088821F /* AuthorDetails.swift */,
				23913FDF2D1FF6320088821F /* AuthorReview.swift */,
				23913FE12D1FF6390088821F /* AuthorReviewList.swift */,
				2391401C2D21FE080088821F /* MovieAuthorReviewListEntity+CoreDataClass.swift */,
				2391401D2D21FE080088821F /* MovieAuthorReviewListEntity+CoreDataProperties.swift */,
				2391401E2D21FE080088821F /* MovieAuthorReviewsEntity+CoreDataClass.swift */,
				2391401F2D21FE080088821F /* MovieAuthorReviewsEntity+CoreDataProperties.swift */,
			);
			path = AuthorReview;
			sourceTree = "<group>";
		};
		23913FD92D1FF2770088821F /* Genre */ = {
			isa = PBXGroup;
			children = (
				23913FE52D1FFE2E0088821F /* Genre.swift */,
				23913FE32D1FFE250088821F /* GenreList.swift */,
				239140262D21FE080088821F /* MovieDetailGenresEntity+CoreDataClass.swift */,
				239140272D21FE080088821F /* MovieDetailGenresEntity+CoreDataProperties.swift */,
			);
			path = Genre;
			sourceTree = "<group>";
		};
		23913FDA2D1FF2830088821F /* MovieCredits */ = {
			isa = PBXGroup;
			children = (
				23913FE72D1FFFEF0088821F /* Cast.swift */,
				23913FE92D2004AF0088821F /* Crew.swift */,
				23913FEB2D2004BB0088821F /* MovieCreditList.swift */,
				239140202D21FE080088821F /* MovieCastsEntity+CoreDataClass.swift */,
				239140212D21FE080088821F /* MovieCastsEntity+CoreDataProperties.swift */,
				239140222D21FE080088821F /* MovieCreditListEntity+CoreDataClass.swift */,
				239140232D21FE080088821F /* MovieCreditListEntity+CoreDataProperties.swift */,
			);
			path = MovieCredits;
			sourceTree = "<group>";
		};
		23913FDB2D1FF29D0088821F /* MoviePhoto */ = {
			isa = PBXGroup;
			children = (
				23913FED2D200B6F0088821F /* Photo.swift */,
				23913FEF2D200B740088821F /* MoviePhotoList.swift */,
				2391402E2D21FE080088821F /* MoviePhotoListEntity+CoreDataClass.swift */,
				2391402F2D21FE080088821F /* MoviePhotoListEntity+CoreDataProperties.swift */,
				239140302D21FE080088821F /* MoviePhotosEntity+CoreDataClass.swift */,
				239140312D21FE080088821F /* MoviePhotosEntity+CoreDataProperties.swift */,
			);
			path = MoviePhoto;
			sourceTree = "<group>";
		};
		23913FDC2D1FF2AA0088821F /* RecommendedMovies */ = {
			isa = PBXGroup;
			children = (
				23913FF12D200BEA0088821F /* RecommendedMovies.swift */,
				23913FF32D200BF50088821F /* RecommendedMoviesList.swift */,
			);
			path = RecommendedMovies;
			sourceTree = "<group>";
		};
		239140112D2066340088821F /* Request */ = {
			isa = PBXGroup;
			children = (
				239140122D2066470088821F /* MovieDetailRequest.swift */,
				239140142D20665C0088821F /* MovieCreditsRequest.swift */,
				239140162D2066860088821F /* MoviePhotosRequest.swift */,
				239140182D2066900088821F /* RecommendedMoviesRequest.swift */,
				2391401A2D2066A70088821F /* AuthorReviewsRequest.swift */,
			);
			path = Request;
			sourceTree = "<group>";
		};
		239468D62D248EDB00978DA7 /* FavouriteMovie */ = {
			isa = PBXGroup;
			children = (
				239468D72D248F3B00978DA7 /* FavouriteMoviesEntity+CoreDataClass.swift */,
				239468D82D248F3B00978DA7 /* FavouriteMoviesEntity+CoreDataProperties.swift */,
			);
			path = FavouriteMovie;
			sourceTree = "<group>";
		};
		23F165B72CBFB04E002140DB = {
			isa = PBXGroup;
			children = (
				23F165C22CBFB04E002140DB /* iosMovieapp */,
				23F165D32CBFB052002140DB /* iosMovieappTests */,
				23F165DD2CBFB052002140DB /* iosMovieappUITests */,
				23F165C12CBFB04E002140DB /* Products */,
			);
			sourceTree = "<group>";
		};
		23F165C12CBFB04E002140DB /* Products */ = {
			isa = PBXGroup;
			children = (
				23F165C02CBFB04E002140DB /* iosMovieapp.app */,
				23F165D02CBFB052002140DB /* iosMovieappTests.xctest */,
				23F165DA2CBFB052002140DB /* iosMovieappUITests.xctest */,
			);
			name = Products;
			sourceTree = "<group>";
		};
		23F165C22CBFB04E002140DB /* iosMovieapp */ = {
			isa = PBXGroup;
			children = (
				234664A32CBFEA0100861E4A /* Data */,
				234664A42CBFEA0800861E4A /* Dependency */,
				234664A52CBFEA1900861E4A /* Domain */,
				234664A62CBFEA1F00861E4A /* Helpers */,
				234664A72CBFEA2300861E4A /* Networking */,
				234664A82CBFEA4100861E4A /* Persistence */,
				234664A22CBFE83C00861E4A /* Presentation */,
				23F165F12CBFE5F0002140DB /* Info.plist */,
				23F165C72CBFB051002140DB /* Assets.xcassets */,
				239F953F2D292BD7000889E0 /* Colors.xcassets */,
				23F165ED2CBFE569002140DB /* AppDelegate.swift */,
				23F165EF2CBFE579002140DB /* SceneDelegate.swift */,
				232074242CC97857008D6540 /* ContentView.swift */,
			);
			path = iosMovieapp;
			sourceTree = "<group>";
		};
		23F165D32CBFB052002140DB /* iosMovieappTests */ = {
			isa = PBXGroup;
			children = (
				23F165D42CBFB052002140DB /* iosMovieappTests.swift */,
			);
			path = iosMovieappTests;
			sourceTree = "<group>";
		};
		23F165DD2CBFB052002140DB /* iosMovieappUITests */ = {
			isa = PBXGroup;
			children = (
				23F165DE2CBFB052002140DB /* iosMovieappUITests.swift */,
				23F165E02CBFB052002140DB /* iosMovieappUITestsLaunchTests.swift */,
			);
			path = iosMovieappUITests;
			sourceTree = "<group>";
		};
/* End PBXGroup section */

/* Begin PBXNativeTarget section */
		23F165BF2CBFB04E002140DB /* iosMovieapp */ = {
			isa = PBXNativeTarget;
			buildConfigurationList = 23F165E42CBFB052002140DB /* Build configuration list for PBXNativeTarget "iosMovieapp" */;
			buildPhases = (
				23F165BC2CBFB04E002140DB /* Sources */,
				23F165BD2CBFB04E002140DB /* Frameworks */,
				23F165BE2CBFB04E002140DB /* Resources */,
			);
			buildRules = (
			);
			dependencies = (
			);
			name = iosMovieapp;
			packageProductDependencies = (
				23F165F32CBFE6D5002140DB /* SDWebImageSwiftUI */,
				2345A3762D28858200BE6821 /* SwiftUIIntrospect */,
				239F95422D2971D4000889E0 /* PublishedObject */,
			);
			productName = iosMovieapp;
			productReference = 23F165C02CBFB04E002140DB /* iosMovieapp.app */;
			productType = "com.apple.product-type.application";
		};
		23F165CF2CBFB052002140DB /* iosMovieappTests */ = {
			isa = PBXNativeTarget;
			buildConfigurationList = 23F165E72CBFB052002140DB /* Build configuration list for PBXNativeTarget "iosMovieappTests" */;
			buildPhases = (
				23F165CC2CBFB052002140DB /* Sources */,
				23F165CD2CBFB052002140DB /* Frameworks */,
				23F165CE2CBFB052002140DB /* Resources */,
			);
			buildRules = (
			);
			dependencies = (
				23F165D22CBFB052002140DB /* PBXTargetDependency */,
			);
			name = iosMovieappTests;
			productName = iosMovieappTests;
			productReference = 23F165D02CBFB052002140DB /* iosMovieappTests.xctest */;
			productType = "com.apple.product-type.bundle.unit-test";
		};
		23F165D92CBFB052002140DB /* iosMovieappUITests */ = {
			isa = PBXNativeTarget;
			buildConfigurationList = 23F165EA2CBFB052002140DB /* Build configuration list for PBXNativeTarget "iosMovieappUITests" */;
			buildPhases = (
				23F165D62CBFB052002140DB /* Sources */,
				23F165D72CBFB052002140DB /* Frameworks */,
				23F165D82CBFB052002140DB /* Resources */,
			);
			buildRules = (
			);
			dependencies = (
				23F165DC2CBFB052002140DB /* PBXTargetDependency */,
			);
			name = iosMovieappUITests;
			productName = iosMovieappUITests;
			productReference = 23F165DA2CBFB052002140DB /* iosMovieappUITests.xctest */;
			productType = "com.apple.product-type.bundle.ui-testing";
		};
/* End PBXNativeTarget section */

/* Begin PBXProject section */
		23F165B82CBFB04E002140DB /* Project object */ = {
			isa = PBXProject;
			attributes = {
				BuildIndependentTargetsInParallel = 1;
				LastSwiftUpdateCheck = 1540;
				LastUpgradeCheck = 1540;
				TargetAttributes = {
					23F165BF2CBFB04E002140DB = {
						CreatedOnToolsVersion = 15.4;
					};
					23F165CF2CBFB052002140DB = {
						CreatedOnToolsVersion = 15.4;
						TestTargetID = 23F165BF2CBFB04E002140DB;
					};
					23F165D92CBFB052002140DB = {
						CreatedOnToolsVersion = 15.4;
						TestTargetID = 23F165BF2CBFB04E002140DB;
					};
				};
			};
			buildConfigurationList = 23F165BB2CBFB04E002140DB /* Build configuration list for PBXProject "iosMovieapp" */;
			compatibilityVersion = "Xcode 14.0";
			developmentRegion = en;
			hasScannedForEncodings = 0;
			knownRegions = (
				en,
				Base,
			);
			mainGroup = 23F165B72CBFB04E002140DB;
			packageReferences = (
				23F165F22CBFE6D5002140DB /* XCRemoteSwiftPackageReference "SDWebImageSwiftUI" */,
				2345A3752D28858200BE6821 /* XCRemoteSwiftPackageReference "SwiftUI-Introspect" */,
				239F95412D2971D4000889E0 /* XCRemoteSwiftPackageReference "PublishedObject" */,
			);
			productRefGroup = 23F165C12CBFB04E002140DB /* Products */;
			projectDirPath = "";
			projectRoot = "";
			targets = (
				23F165BF2CBFB04E002140DB /* iosMovieapp */,
				23F165CF2CBFB052002140DB /* iosMovieappTests */,
				23F165D92CBFB052002140DB /* iosMovieappUITests */,
			);
		};
/* End PBXProject section */

/* Begin PBXResourcesBuildPhase section */
		23F165BE2CBFB04E002140DB /* Resources */ = {
			isa = PBXResourcesBuildPhase;
			buildActionMask = 2147483647;
			files = (
				23F165C82CBFB051002140DB /* Assets.xcassets in Resources */,
				239F95402D292BD7000889E0 /* Colors.xcassets in Resources */,
			);
			runOnlyForDeploymentPostprocessing = 0;
		};
		23F165CE2CBFB052002140DB /* Resources */ = {
			isa = PBXResourcesBuildPhase;
			buildActionMask = 2147483647;
			files = (
			);
			runOnlyForDeploymentPostprocessing = 0;
		};
		23F165D82CBFB052002140DB /* Resources */ = {
			isa = PBXResourcesBuildPhase;
			buildActionMask = 2147483647;
			files = (
			);
			runOnlyForDeploymentPostprocessing = 0;
		};
/* End PBXResourcesBuildPhase section */

/* Begin PBXSourcesBuildPhase section */
		23F165BC2CBFB04E002140DB /* Sources */ = {
			isa = PBXSourcesBuildPhase;
			buildActionMask = 2147483647;
			files = (
				234664D42CBFEEE800861E4A /* db_model.xcdatamodeld in Sources */,
				239140022D202E100088821F /* FetchAuthorReviewsUsecase.swift in Sources */,
				234665022CC02F4C00861E4A /* ViewModelProvider.swift in Sources */,
				234664C82CBFEC5100861E4A /* Encoding + Dictionary.swift in Sources */,
				234664F82CC01EC400861E4A /* NowPlayingMoviesDao.swift in Sources */,
				234664C02CBFEC5100861E4A /* Configuration.swift in Sources */,
				234664C42CBFEC5100861E4A /* NetworkClientManager.swift in Sources */,
				23913FF62D202D920088821F /* FetchMovieCreditsUsecase.swift in Sources */,
				239F95652D29B42C000889E0 /* MovieDetailAuthorReviewsShimmerView.swift in Sources */,
				239467A72D22ECC800978DA7 /* MoviePhotosDao.swift in Sources */,
				234664EF2CBFF4B400861E4A /* NowPlayingMovies.swift in Sources */,
				239F95612D29B14E000889E0 /* MovieDetailPhotosShimmerView.swift in Sources */,
				23913FCF2D1FE5920088821F /* MovieDetailService.swift in Sources */,
				234664C62CBFEC5100861E4A /* NetworkTaget + Default.swift in Sources */,
				234664F62CC0131200861E4A /* NowPlayingMoviesService.swift in Sources */,
				23913FFA2D202DC20088821F /* FetchMoviePhotosUsecase.swift in Sources */,
				239F954F2D299378000889E0 /* FavouriteMoviesItemView.swift in Sources */,
				2391401B2D2066AB0088821F /* AuthorReviewsRequest.swift in Sources */,
				234664E22CBFEEF600861E4A /* URL + Extension.swift in Sources */,
				23913FC62D1F47550088821F /* MovieDetailView.swift in Sources */,
				23D2BF9D2D27FB7D0060EC0A /* NowPlayingMoviesListViewModel.swift in Sources */,
				23913FF22D200BED0088821F /* RecommendedMovies.swift in Sources */,
				234664C12CBFEC5100861E4A /* NetworkTarget + Extension.swift in Sources */,
				234664E42CBFF03600861E4A /* Constants.swift in Sources */,
				23F165EE2CBFE569002140DB /* AppDelegate.swift in Sources */,
				23913FE42D1FFE2B0088821F /* GenreList.swift in Sources */,
				239140172D20668B0088821F /* MoviePhotosRequest.swift in Sources */,
				2391400E2D2048960088821F /* MovieDetailViewModel.swift in Sources */,
				234664FC2CC02E7200861E4A /* FetchNowPlayingMoviesUsecase.swift in Sources */,
				23913FC02D1F44480088821F /* FavouriteMoviesView.swift in Sources */,
				234665002CC02F4200861E4A /* RepositoryProvider.swift in Sources */,
				23913FE02D1FF6340088821F /* AuthorReview.swift in Sources */,
				234664C92CBFEC5100861E4A /* Encoding.swift in Sources */,
				234664FA2CC01EF800861E4A /* MovieRepository.swift in Sources */,
				234664FE2CC02E9C00861E4A /* GetNowPlayingMoviesUsecase.swift in Sources */,
				23913FFE2D202DF70088821F /* FetchRecommendedMoviesUsecase.swift in Sources */,
				239F95492D298A45000889E0 /* HomeNowPlayingMoviesShimmerView.swift in Sources */,
				239F95632D29B419000889E0 /* MovieDetailAuthorReviews.swift in Sources */,
				23F165C62CBFB04E002140DB /* HomeView.swift in Sources */,
				23913FD12D1FEC6C0088821F /* MovieDetail.swift in Sources */,
				232074232CC97714008D6540 /* NowPlayingMoviesListView.swift in Sources */,
				239140322D21FE080088821F /* MovieAuthorReviewListEntity+CoreDataClass.swift in Sources */,
				239140332D21FE080088821F /* MovieAuthorReviewListEntity+CoreDataProperties.swift in Sources */,
				239140342D21FE080088821F /* MovieAuthorReviewsEntity+CoreDataClass.swift in Sources */,
				239F955B2D29AF60000889E0 /* MovieDetailCastsView.swift in Sources */,
				239140352D21FE080088821F /* MovieAuthorReviewsEntity+CoreDataProperties.swift in Sources */,
				239140362D21FE080088821F /* MovieCastsEntity+CoreDataClass.swift in Sources */,
				239F95512D299B21000889E0 /* NowPlayingMoviesView.swift in Sources */,
				239140372D21FE080088821F /* MovieCastsEntity+CoreDataProperties.swift in Sources */,
				239140382D21FE080088821F /* MovieCreditListEntity+CoreDataClass.swift in Sources */,
				239140392D21FE080088821F /* MovieCreditListEntity+CoreDataProperties.swift in Sources */,
				2391403A2D21FE080088821F /* MovieDetailEntity+CoreDataClass.swift in Sources */,
				2391403B2D21FE080088821F /* MovieDetailEntity+CoreDataProperties.swift in Sources */,
				239F95452D297204000889E0 /* StateObject.swift in Sources */,
				239F955F2D29B13E000889E0 /* MovieDetailPhotosView.swift in Sources */,
				2391403C2D21FE080088821F /* MovieDetailGenresEntity+CoreDataClass.swift in Sources */,
				2391403D2D21FE080088821F /* MovieDetailGenresEntity+CoreDataProperties.swift in Sources */,
				239468DC2D248F5A00978DA7 /* FavouriteMoviesDao.swift in Sources */,
				2391403E2D21FE080088821F /* MovieDetailProductionCompaniesEntity+CoreDataClass.swift in Sources */,
				2391403F2D21FE080088821F /* MovieDetailProductionCompaniesEntity+CoreDataProperties.swift in Sources */,
				239140402D21FE080088821F /* MovieDetailProductionCountriesEntity+CoreDataClass.swift in Sources */,
				239140412D21FE080088821F /* MovieDetailProductionCountriesEntity+CoreDataProperties.swift in Sources */,
				239140442D21FE080088821F /* MoviePhotoListEntity+CoreDataClass.swift in Sources */,
				239140452D21FE080088821F /* MoviePhotoListEntity+CoreDataProperties.swift in Sources */,
				239140462D21FE080088821F /* MoviePhotosEntity+CoreDataClass.swift in Sources */,
				239F954D2D29936F000889E0 /* FavouriteMoviesShimmerView.swift in Sources */,
				239F955D2D29AFFF000889E0 /* MovieDetailCastsShimmerView.swift in Sources */,
				239469762D24A48900978DA7 /* GetFavouriteMoviesUsecase.swift in Sources */,
				239F95592D29A7F2000889E0 /* MovieDetailContentView.swift in Sources */,
				239F95552D299D69000889E0 /* NowPlayingMoviesItemView.swift in Sources */,
				239140472D21FE080088821F /* MoviePhotosEntity+CoreDataProperties.swift in Sources */,
				234664E12CBFEEF600861E4A /* HTTPURLResponse + Extension.swift in Sources */,
				234664C72CBFEC5100861E4A /* NetworkTarget.swift in Sources */,
				239F95472D298901000889E0 /* HomeNowPlayingMoviesView.swift in Sources */,
				239467A92D230DAA00978DA7 /* MovieAuthorReviewsDao.swift in Sources */,
				239140062D202E340088821F /* AddOrRemoveFavouriteMovieUsecase.swift in Sources */,
				23913FF82D202DA60088821F /* GetMovieCastsUsecase.swift in Sources */,
				239140002D202E010088821F /* GetRecommendedMoviesUsecase.swift in Sources */,
				23F165F02CBFE579002140DB /* SceneDelegate.swift in Sources */,
				23913FD72D1FF1E70088821F /* SpokenLanguage.swift in Sources */,
				23913FC82D1F5C8B0088821F /* FetchMovieDetailUsecase.swift in Sources */,
				23913FD52D1FF1E10088821F /* ProductionCountry.swift in Sources */,
				239F954B2D298A59000889E0 /* HomeNowPlayingMoviesItemView.swift in Sources */,
				234664C32CBFEC5100861E4A /* NetworkClient.swift in Sources */,
				234664BF2CBFEC5100861E4A /* APIError.swift in Sources */,
				239F95572D29A709000889E0 /* MovieDetailShimmerView.swift in Sources */,
				239468D92D248F3B00978DA7 /* FavouriteMoviesEntity+CoreDataClass.swift in Sources */,
				239468DA2D248F3B00978DA7 /* FavouriteMoviesEntity+CoreDataProperties.swift in Sources */,
				239140042D202E190088821F /* GetAuthorReviewsUsecase.swift in Sources */,
				234664CF2CBFEEB700861E4A /* CoreDataStack.swift in Sources */,
				23913FF02D200B790088821F /* MoviePhotoList.swift in Sources */,
				23913FEC2D2004C00088821F /* MovieCreditList.swift in Sources */,
				23913FDE2D1FF62D0088821F /* AuthorDetails.swift in Sources */,
				2345A3792D288DED00BE6821 /* Key.swift in Sources */,
				23D2BF9F2D2803220060EC0A /* LoadMoreNowPlayingMoviesUsecase.swift in Sources */,
				234664F32CC0123800861E4A /* NowPlayingMoviesEntity+CoreDataClass.swift in Sources */,
				23913FF42D200BF80088821F /* RecommendedMoviesList.swift in Sources */,
				239467A42D229E9500978DA7 /* MovieCastsDao.swift in Sources */,
				23F29F242CC98477008BB104 /* UINavigationController.swift in Sources */,
				234664F42CC0123800861E4A /* NowPlayingMoviesEntity+CoreDataProperties.swift in Sources */,
				234665082CC02F5C00861E4A /* UsecaseProvider.swift in Sources */,
				234664CA2CBFEC5100861E4A /* HTTPMethod.swift in Sources */,
				239140132D20664A0088821F /* MovieDetailRequest.swift in Sources */,
				23913FE22D1FF63E0088821F /* AuthorReviewList.swift in Sources */,
				239140082D202E600088821F /* GetIsFavouriteMovieUsecase.swift in Sources */,
				23913FE82D1FFFF40088821F /* Cast.swift in Sources */,
				23913FCA2D1F5C940088821F /* GetMovieDetailUsecase.swift in Sources */,
				23913FCD2D1FE5830088821F /* MovieDetailDao.swift in Sources */,
				23913FFC2D202DDC0088821F /* GetMoviePhotosUsecase.swift in Sources */,
				232074252CC97857008D6540 /* ContentView.swift in Sources */,
				23913FE62D1FFE2F0088821F /* Genre.swift in Sources */,
				239469782D24A69800978DA7 /* FavouriteMoviesViewModel.swift in Sources */,
				234664D12CBFEEB700861E4A /* CoreDataHelpers.swift in Sources */,
				234664C52CBFEC5100861E4A /* NetworkClientProtocol.swift in Sources */,
				23913FEA2D2004B20088821F /* Crew.swift in Sources */,
				234664DD2CBFEEF600861E4A /* Redacted.swift in Sources */,
				2391400C2D2030CB0088821F /* FavouriteMovieRepository.swift in Sources */,
				234664AD2CBFEAAA00861E4A /* HomeViewModel.swift in Sources */,
				239F95532D299C71000889E0 /* NowPlayingMoviesShimmerView.swift in Sources */,
				23913FEE2D200B710088821F /* Photo.swift in Sources */,
				234664ED2CBFF49300861E4A /* NowPlayingMoviesList.swift in Sources */,
				239140192D2066A20088821F /* RecommendedMoviesRequest.swift in Sources */,
				234664C22CBFEC5100861E4A /* RequestBuilder.swift in Sources */,
				234665042CC02F5200861E4A /* DatabaseProvider.swift in Sources */,
				234665062CC02F5700861E4A /* ServiceProvider.swift in Sources */,
				234664DF2CBFEEF600861E4A /* Shimmer.swift in Sources */,
				23913FD32D1FF1D70088821F /* ProductionCompany.swift in Sources */,
				239140152D20665F0088821F /* MovieCreditsRequest.swift in Sources */,
				234664E02CBFEEF600861E4A /* Double + Extension.swift in Sources */,
			);
			runOnlyForDeploymentPostprocessing = 0;
		};
		23F165CC2CBFB052002140DB /* Sources */ = {
			isa = PBXSourcesBuildPhase;
			buildActionMask = 2147483647;
			files = (
				23F165D52CBFB052002140DB /* iosMovieappTests.swift in Sources */,
				234664F02CC011F900861E4A /* db_model.xcdatamodeld in Sources */,
			);
			runOnlyForDeploymentPostprocessing = 0;
		};
		23F165D62CBFB052002140DB /* Sources */ = {
			isa = PBXSourcesBuildPhase;
			buildActionMask = 2147483647;
			files = (
				23F165DF2CBFB052002140DB /* iosMovieappUITests.swift in Sources */,
				23F165E12CBFB052002140DB /* iosMovieappUITestsLaunchTests.swift in Sources */,
			);
			runOnlyForDeploymentPostprocessing = 0;
		};
/* End PBXSourcesBuildPhase section */

/* Begin PBXTargetDependency section */
		23F165D22CBFB052002140DB /* PBXTargetDependency */ = {
			isa = PBXTargetDependency;
			target = 23F165BF2CBFB04E002140DB /* iosMovieapp */;
			targetProxy = 23F165D12CBFB052002140DB /* PBXContainerItemProxy */;
		};
		23F165DC2CBFB052002140DB /* PBXTargetDependency */ = {
			isa = PBXTargetDependency;
			target = 23F165BF2CBFB04E002140DB /* iosMovieapp */;
			targetProxy = 23F165DB2CBFB052002140DB /* PBXContainerItemProxy */;
		};
/* End PBXTargetDependency section */

/* Begin XCBuildConfiguration section */
		23F165E22CBFB052002140DB /* Debug */ = {
			isa = XCBuildConfiguration;
			buildSettings = {
				ALWAYS_SEARCH_USER_PATHS = NO;
				ASSETCATALOG_COMPILER_GENERATE_SWIFT_ASSET_SYMBOL_EXTENSIONS = YES;
				CLANG_ANALYZER_NONNULL = YES;
				CLANG_ANALYZER_NUMBER_OBJECT_CONVERSION = YES_AGGRESSIVE;
				CLANG_CXX_LANGUAGE_STANDARD = "gnu++20";
				CLANG_ENABLE_MODULES = YES;
				CLANG_ENABLE_OBJC_ARC = YES;
				CLANG_ENABLE_OBJC_WEAK = YES;
				CLANG_WARN_BLOCK_CAPTURE_AUTORELEASING = YES;
				CLANG_WARN_BOOL_CONVERSION = YES;
				CLANG_WARN_COMMA = YES;
				CLANG_WARN_CONSTANT_CONVERSION = YES;
				CLANG_WARN_DEPRECATED_OBJC_IMPLEMENTATIONS = YES;
				CLANG_WARN_DIRECT_OBJC_ISA_USAGE = YES_ERROR;
				CLANG_WARN_DOCUMENTATION_COMMENTS = YES;
				CLANG_WARN_EMPTY_BODY = YES;
				CLANG_WARN_ENUM_CONVERSION = YES;
				CLANG_WARN_INFINITE_RECURSION = YES;
				CLANG_WARN_INT_CONVERSION = YES;
				CLANG_WARN_NON_LITERAL_NULL_CONVERSION = YES;
				CLANG_WARN_OBJC_IMPLICIT_RETAIN_SELF = YES;
				CLANG_WARN_OBJC_LITERAL_CONVERSION = YES;
				CLANG_WARN_OBJC_ROOT_CLASS = YES_ERROR;
				CLANG_WARN_QUOTED_INCLUDE_IN_FRAMEWORK_HEADER = YES;
				CLANG_WARN_RANGE_LOOP_ANALYSIS = YES;
				CLANG_WARN_STRICT_PROTOTYPES = YES;
				CLANG_WARN_SUSPICIOUS_MOVE = YES;
				CLANG_WARN_UNGUARDED_AVAILABILITY = YES_AGGRESSIVE;
				CLANG_WARN_UNREACHABLE_CODE = YES;
				CLANG_WARN__DUPLICATE_METHOD_MATCH = YES;
				COPY_PHASE_STRIP = NO;
				DEBUG_INFORMATION_FORMAT = dwarf;
				ENABLE_STRICT_OBJC_MSGSEND = YES;
				ENABLE_TESTABILITY = YES;
				ENABLE_USER_SCRIPT_SANDBOXING = YES;
				GCC_C_LANGUAGE_STANDARD = gnu17;
				GCC_DYNAMIC_NO_PIC = NO;
				GCC_NO_COMMON_BLOCKS = YES;
				GCC_OPTIMIZATION_LEVEL = 0;
				GCC_PREPROCESSOR_DEFINITIONS = (
					"DEBUG=1",
					"$(inherited)",
				);
				GCC_WARN_64_TO_32_BIT_CONVERSION = YES;
				GCC_WARN_ABOUT_RETURN_TYPE = YES_ERROR;
				GCC_WARN_UNDECLARED_SELECTOR = YES;
				GCC_WARN_UNINITIALIZED_AUTOS = YES_AGGRESSIVE;
				GCC_WARN_UNUSED_FUNCTION = YES;
				GCC_WARN_UNUSED_VARIABLE = YES;
				IPHONEOS_DEPLOYMENT_TARGET = 13.0;
				LOCALIZATION_PREFERS_STRING_CATALOGS = YES;
				MTL_ENABLE_DEBUG_INFO = INCLUDE_SOURCE;
				MTL_FAST_MATH = YES;
				ONLY_ACTIVE_ARCH = YES;
				SDKROOT = iphoneos;
				SWIFT_ACTIVE_COMPILATION_CONDITIONS = "DEBUG $(inherited)";
				SWIFT_OPTIMIZATION_LEVEL = "-Onone";
			};
			name = Debug;
		};
		23F165E32CBFB052002140DB /* Release */ = {
			isa = XCBuildConfiguration;
			buildSettings = {
				ALWAYS_SEARCH_USER_PATHS = NO;
				ASSETCATALOG_COMPILER_GENERATE_SWIFT_ASSET_SYMBOL_EXTENSIONS = YES;
				CLANG_ANALYZER_NONNULL = YES;
				CLANG_ANALYZER_NUMBER_OBJECT_CONVERSION = YES_AGGRESSIVE;
				CLANG_CXX_LANGUAGE_STANDARD = "gnu++20";
				CLANG_ENABLE_MODULES = YES;
				CLANG_ENABLE_OBJC_ARC = YES;
				CLANG_ENABLE_OBJC_WEAK = YES;
				CLANG_WARN_BLOCK_CAPTURE_AUTORELEASING = YES;
				CLANG_WARN_BOOL_CONVERSION = YES;
				CLANG_WARN_COMMA = YES;
				CLANG_WARN_CONSTANT_CONVERSION = YES;
				CLANG_WARN_DEPRECATED_OBJC_IMPLEMENTATIONS = YES;
				CLANG_WARN_DIRECT_OBJC_ISA_USAGE = YES_ERROR;
				CLANG_WARN_DOCUMENTATION_COMMENTS = YES;
				CLANG_WARN_EMPTY_BODY = YES;
				CLANG_WARN_ENUM_CONVERSION = YES;
				CLANG_WARN_INFINITE_RECURSION = YES;
				CLANG_WARN_INT_CONVERSION = YES;
				CLANG_WARN_NON_LITERAL_NULL_CONVERSION = YES;
				CLANG_WARN_OBJC_IMPLICIT_RETAIN_SELF = YES;
				CLANG_WARN_OBJC_LITERAL_CONVERSION = YES;
				CLANG_WARN_OBJC_ROOT_CLASS = YES_ERROR;
				CLANG_WARN_QUOTED_INCLUDE_IN_FRAMEWORK_HEADER = YES;
				CLANG_WARN_RANGE_LOOP_ANALYSIS = YES;
				CLANG_WARN_STRICT_PROTOTYPES = YES;
				CLANG_WARN_SUSPICIOUS_MOVE = YES;
				CLANG_WARN_UNGUARDED_AVAILABILITY = YES_AGGRESSIVE;
				CLANG_WARN_UNREACHABLE_CODE = YES;
				CLANG_WARN__DUPLICATE_METHOD_MATCH = YES;
				COPY_PHASE_STRIP = NO;
				DEBUG_INFORMATION_FORMAT = "dwarf-with-dsym";
				ENABLE_NS_ASSERTIONS = NO;
				ENABLE_STRICT_OBJC_MSGSEND = YES;
				ENABLE_USER_SCRIPT_SANDBOXING = YES;
				GCC_C_LANGUAGE_STANDARD = gnu17;
				GCC_NO_COMMON_BLOCKS = YES;
				GCC_WARN_64_TO_32_BIT_CONVERSION = YES;
				GCC_WARN_ABOUT_RETURN_TYPE = YES_ERROR;
				GCC_WARN_UNDECLARED_SELECTOR = YES;
				GCC_WARN_UNINITIALIZED_AUTOS = YES_AGGRESSIVE;
				GCC_WARN_UNUSED_FUNCTION = YES;
				GCC_WARN_UNUSED_VARIABLE = YES;
				IPHONEOS_DEPLOYMENT_TARGET = 13.0;
				LOCALIZATION_PREFERS_STRING_CATALOGS = YES;
				MTL_ENABLE_DEBUG_INFO = NO;
				MTL_FAST_MATH = YES;
				SDKROOT = iphoneos;
				SWIFT_COMPILATION_MODE = wholemodule;
				VALIDATE_PRODUCT = YES;
			};
			name = Release;
		};
		23F165E52CBFB052002140DB /* Debug */ = {
			isa = XCBuildConfiguration;
			buildSettings = {
				ASSETCATALOG_COMPILER_APPICON_NAME = AppIcon;
				ASSETCATALOG_COMPILER_GLOBAL_ACCENT_COLOR_NAME = AccentColor;
				CODE_SIGN_STYLE = Automatic;
				CURRENT_PROJECT_VERSION = 1;
				DEVELOPMENT_TEAM = LMW3KTXJR7;
				ENABLE_PREVIEWS = YES;
				GENERATE_INFOPLIST_FILE = YES;
				INFOPLIST_FILE = iosMovieapp/Info.plist;
				INFOPLIST_KEY_UIApplicationSupportsIndirectInputEvents = YES;
				INFOPLIST_KEY_UILaunchScreen_Generation = YES;
				INFOPLIST_KEY_UISupportedInterfaceOrientations_iPad = "UIInterfaceOrientationPortrait UIInterfaceOrientationPortraitUpsideDown UIInterfaceOrientationLandscapeLeft UIInterfaceOrientationLandscapeRight";
				INFOPLIST_KEY_UISupportedInterfaceOrientations_iPhone = "UIInterfaceOrientationPortrait UIInterfaceOrientationLandscapeLeft UIInterfaceOrientationLandscapeRight";
				IPHONEOS_DEPLOYMENT_TARGET = 13.0;
				LD_RUNPATH_SEARCH_PATHS = (
					"$(inherited)",
					"@executable_path/Frameworks",
				);
				MARKETING_VERSION = 1.0;
				PRODUCT_BUNDLE_IDENTIFIER = com.adrian.iosMovieapp;
				PRODUCT_NAME = "$(TARGET_NAME)";
				SWIFT_EMIT_LOC_STRINGS = YES;
				SWIFT_VERSION = 5.0;
				TARGETED_DEVICE_FAMILY = "1,2";
			};
			name = Debug;
		};
		23F165E62CBFB052002140DB /* Release */ = {
			isa = XCBuildConfiguration;
			buildSettings = {
				ASSETCATALOG_COMPILER_APPICON_NAME = AppIcon;
				ASSETCATALOG_COMPILER_GLOBAL_ACCENT_COLOR_NAME = AccentColor;
				CODE_SIGN_STYLE = Automatic;
				CURRENT_PROJECT_VERSION = 1;
				DEVELOPMENT_TEAM = LMW3KTXJR7;
				ENABLE_PREVIEWS = YES;
				GENERATE_INFOPLIST_FILE = YES;
				INFOPLIST_FILE = iosMovieapp/Info.plist;
				INFOPLIST_KEY_UIApplicationSupportsIndirectInputEvents = YES;
				INFOPLIST_KEY_UILaunchScreen_Generation = YES;
				INFOPLIST_KEY_UISupportedInterfaceOrientations_iPad = "UIInterfaceOrientationPortrait UIInterfaceOrientationPortraitUpsideDown UIInterfaceOrientationLandscapeLeft UIInterfaceOrientationLandscapeRight";
				INFOPLIST_KEY_UISupportedInterfaceOrientations_iPhone = "UIInterfaceOrientationPortrait UIInterfaceOrientationLandscapeLeft UIInterfaceOrientationLandscapeRight";
				IPHONEOS_DEPLOYMENT_TARGET = 13.0;
				LD_RUNPATH_SEARCH_PATHS = (
					"$(inherited)",
					"@executable_path/Frameworks",
				);
				MARKETING_VERSION = 1.0;
				PRODUCT_BUNDLE_IDENTIFIER = com.adrian.iosMovieapp;
				PRODUCT_NAME = "$(TARGET_NAME)";
				SWIFT_EMIT_LOC_STRINGS = YES;
				SWIFT_VERSION = 5.0;
				TARGETED_DEVICE_FAMILY = "1,2";
			};
			name = Release;
		};
		23F165E82CBFB052002140DB /* Debug */ = {
			isa = XCBuildConfiguration;
			buildSettings = {
				ALWAYS_EMBED_SWIFT_STANDARD_LIBRARIES = YES;
				BUNDLE_LOADER = "$(TEST_HOST)";
				CODE_SIGN_STYLE = Automatic;
				CURRENT_PROJECT_VERSION = 1;
				GENERATE_INFOPLIST_FILE = YES;
				IPHONEOS_DEPLOYMENT_TARGET = 13.0;
				MARKETING_VERSION = 1.0;
				PRODUCT_BUNDLE_IDENTIFIER = com.adrian.iosMovieappTests;
				PRODUCT_NAME = "$(TARGET_NAME)";
				SWIFT_EMIT_LOC_STRINGS = NO;
				SWIFT_VERSION = 5.0;
				TARGETED_DEVICE_FAMILY = "1,2";
				TEST_HOST = "$(BUILT_PRODUCTS_DIR)/iosMovieapp.app/$(BUNDLE_EXECUTABLE_FOLDER_PATH)/iosMovieapp";
			};
			name = Debug;
		};
		23F165E92CBFB052002140DB /* Release */ = {
			isa = XCBuildConfiguration;
			buildSettings = {
				ALWAYS_EMBED_SWIFT_STANDARD_LIBRARIES = YES;
				BUNDLE_LOADER = "$(TEST_HOST)";
				CODE_SIGN_STYLE = Automatic;
				CURRENT_PROJECT_VERSION = 1;
				GENERATE_INFOPLIST_FILE = YES;
				IPHONEOS_DEPLOYMENT_TARGET = 13.0;
				MARKETING_VERSION = 1.0;
				PRODUCT_BUNDLE_IDENTIFIER = com.adrian.iosMovieappTests;
				PRODUCT_NAME = "$(TARGET_NAME)";
				SWIFT_EMIT_LOC_STRINGS = NO;
				SWIFT_VERSION = 5.0;
				TARGETED_DEVICE_FAMILY = "1,2";
				TEST_HOST = "$(BUILT_PRODUCTS_DIR)/iosMovieapp.app/$(BUNDLE_EXECUTABLE_FOLDER_PATH)/iosMovieapp";
			};
			name = Release;
		};
		23F165EB2CBFB052002140DB /* Debug */ = {
			isa = XCBuildConfiguration;
			buildSettings = {
				ALWAYS_EMBED_SWIFT_STANDARD_LIBRARIES = YES;
				CODE_SIGN_STYLE = Automatic;
				CURRENT_PROJECT_VERSION = 1;
				GENERATE_INFOPLIST_FILE = YES;
				MARKETING_VERSION = 1.0;
				PRODUCT_BUNDLE_IDENTIFIER = com.adrian.iosMovieappUITests;
				PRODUCT_NAME = "$(TARGET_NAME)";
				SWIFT_EMIT_LOC_STRINGS = NO;
				SWIFT_VERSION = 5.0;
				TARGETED_DEVICE_FAMILY = "1,2";
				TEST_TARGET_NAME = iosMovieapp;
			};
			name = Debug;
		};
		23F165EC2CBFB052002140DB /* Release */ = {
			isa = XCBuildConfiguration;
			buildSettings = {
				ALWAYS_EMBED_SWIFT_STANDARD_LIBRARIES = YES;
				CODE_SIGN_STYLE = Automatic;
				CURRENT_PROJECT_VERSION = 1;
				GENERATE_INFOPLIST_FILE = YES;
				MARKETING_VERSION = 1.0;
				PRODUCT_BUNDLE_IDENTIFIER = com.adrian.iosMovieappUITests;
				PRODUCT_NAME = "$(TARGET_NAME)";
				SWIFT_EMIT_LOC_STRINGS = NO;
				SWIFT_VERSION = 5.0;
				TARGETED_DEVICE_FAMILY = "1,2";
				TEST_TARGET_NAME = iosMovieapp;
			};
			name = Release;
		};
/* End XCBuildConfiguration section */

/* Begin XCConfigurationList section */
		23F165BB2CBFB04E002140DB /* Build configuration list for PBXProject "iosMovieapp" */ = {
			isa = XCConfigurationList;
			buildConfigurations = (
				23F165E22CBFB052002140DB /* Debug */,
				23F165E32CBFB052002140DB /* Release */,
			);
			defaultConfigurationIsVisible = 0;
			defaultConfigurationName = Release;
		};
		23F165E42CBFB052002140DB /* Build configuration list for PBXNativeTarget "iosMovieapp" */ = {
			isa = XCConfigurationList;
			buildConfigurations = (
				23F165E52CBFB052002140DB /* Debug */,
				23F165E62CBFB052002140DB /* Release */,
			);
			defaultConfigurationIsVisible = 0;
			defaultConfigurationName = Release;
		};
		23F165E72CBFB052002140DB /* Build configuration list for PBXNativeTarget "iosMovieappTests" */ = {
			isa = XCConfigurationList;
			buildConfigurations = (
				23F165E82CBFB052002140DB /* Debug */,
				23F165E92CBFB052002140DB /* Release */,
			);
			defaultConfigurationIsVisible = 0;
			defaultConfigurationName = Release;
		};
		23F165EA2CBFB052002140DB /* Build configuration list for PBXNativeTarget "iosMovieappUITests" */ = {
			isa = XCConfigurationList;
			buildConfigurations = (
				23F165EB2CBFB052002140DB /* Debug */,
				23F165EC2CBFB052002140DB /* Release */,
			);
			defaultConfigurationIsVisible = 0;
			defaultConfigurationName = Release;
		};
/* End XCConfigurationList section */

/* Begin XCRemoteSwiftPackageReference section */
		2345A3752D28858200BE6821 /* XCRemoteSwiftPackageReference "SwiftUI-Introspect" */ = {
			isa = XCRemoteSwiftPackageReference;
			repositoryURL = "https://github.com/siteline/SwiftUI-Introspect";
			requirement = {
				kind = upToNextMajorVersion;
				minimumVersion = 1.3.0;
			};
		};
		239F95412D2971D4000889E0 /* XCRemoteSwiftPackageReference "PublishedObject" */ = {
			isa = XCRemoteSwiftPackageReference;
			repositoryURL = "https://github.com/Amzd/PublishedObject";
			requirement = {
				kind = upToNextMajorVersion;
				minimumVersion = 0.3.0;
			};
		};
		23F165F22CBFE6D5002140DB /* XCRemoteSwiftPackageReference "SDWebImageSwiftUI" */ = {
			isa = XCRemoteSwiftPackageReference;
			repositoryURL = "https://github.com/SDWebImage/SDWebImageSwiftUI.git";
			requirement = {
				kind = exactVersion;
				version = 2.2.7;
			};
		};
/* End XCRemoteSwiftPackageReference section */

/* Begin XCSwiftPackageProductDependency section */
		2345A3762D28858200BE6821 /* SwiftUIIntrospect */ = {
			isa = XCSwiftPackageProductDependency;
			package = 2345A3752D28858200BE6821 /* XCRemoteSwiftPackageReference "SwiftUI-Introspect" */;
			productName = SwiftUIIntrospect;
		};
		239F95422D2971D4000889E0 /* PublishedObject */ = {
			isa = XCSwiftPackageProductDependency;
			package = 239F95412D2971D4000889E0 /* XCRemoteSwiftPackageReference "PublishedObject" */;
			productName = PublishedObject;
		};
		23F165F32CBFE6D5002140DB /* SDWebImageSwiftUI */ = {
			isa = XCSwiftPackageProductDependency;
			package = 23F165F22CBFE6D5002140DB /* XCRemoteSwiftPackageReference "SDWebImageSwiftUI" */;
			productName = SDWebImageSwiftUI;
		};
/* End XCSwiftPackageProductDependency section */

/* Begin XCVersionGroup section */
		234664D22CBFEEE800861E4A /* db_model.xcdatamodeld */ = {
			isa = XCVersionGroup;
			children = (
				234664D32CBFEEE800861E4A /* db_model.xcdatamodel */,
			);
			currentVersion = 234664D32CBFEEE800861E4A /* db_model.xcdatamodel */;
			name = db_model.xcdatamodeld;
			path = /Users/adrianhartanto/Documents/GitHub/iosMovieapp/iosMovieapp/Persistence/db_model.xcdatamodeld;
			sourceTree = "<group>";
			versionGroupType = wrapper.xcdatamodel;
		};
/* End XCVersionGroup section */
	};
	rootObject = 23F165B82CBFB04E002140DB /* Project object */;
}
